// !$*UTF8*$!
{
	archiveVersion = 1;
	classes = {
	};
	objectVersion = 50;
	objects = {

/* Begin PBXBuildFile section */
		2535852AE44D620D8A41F822 /* Pods_Mist_sample_indoor_location.framework in Frameworks */ = {isa = PBXBuildFile; fileRef = E6754F7BDFC00F0CAA65035F /* Pods_Mist_sample_indoor_location.framework */; };
		4D268E1D20EE9986000F3597 /* AppDelegate.swift in Sources */ = {isa = PBXBuildFile; fileRef = 4D268E1C20EE9986000F3597 /* AppDelegate.swift */; };
		4D268E1F20EE9986000F3597 /* ViewController.swift in Sources */ = {isa = PBXBuildFile; fileRef = 4D268E1E20EE9986000F3597 /* ViewController.swift */; };
		4D268E2220EE9986000F3597 /* Main.storyboard in Resources */ = {isa = PBXBuildFile; fileRef = 4D268E2020EE9986000F3597 /* Main.storyboard */; };
		4D268E2420EE9987000F3597 /* Assets.xcassets in Resources */ = {isa = PBXBuildFile; fileRef = 4D268E2320EE9987000F3597 /* Assets.xcassets */; };
		4D268E2720EE9987000F3597 /* LaunchScreen.storyboard in Resources */ = {isa = PBXBuildFile; fileRef = 4D268E2520EE9987000F3597 /* LaunchScreen.storyboard */; };
		4D268E2F20EE9A2D000F3597 /* MainViewController.swift in Sources */ = {isa = PBXBuildFile; fileRef = 4D268E2E20EE9A2C000F3597 /* MainViewController.swift */; };
/* End PBXBuildFile section */

/* Begin PBXFileReference section */
		0527C9D867BCFE411A6AC2C1 /* Pods-Mist-sample-indoor-location.release.xcconfig */ = {isa = PBXFileReference; includeInIndex = 1; lastKnownFileType = text.xcconfig; name = "Pods-Mist-sample-indoor-location.release.xcconfig"; path = "Pods/Target Support Files/Pods-Mist-sample-indoor-location/Pods-Mist-sample-indoor-location.release.xcconfig"; sourceTree = "<group>"; };
		4D268E1920EE9986000F3597 /* Mist-sample-indoor-location.app */ = {isa = PBXFileReference; explicitFileType = wrapper.application; includeInIndex = 0; path = "Mist-sample-indoor-location.app"; sourceTree = BUILT_PRODUCTS_DIR; };
		4D268E1C20EE9986000F3597 /* AppDelegate.swift */ = {isa = PBXFileReference; lastKnownFileType = sourcecode.swift; path = AppDelegate.swift; sourceTree = "<group>"; };
		4D268E1E20EE9986000F3597 /* ViewController.swift */ = {isa = PBXFileReference; lastKnownFileType = sourcecode.swift; path = ViewController.swift; sourceTree = "<group>"; };
		4D268E2120EE9986000F3597 /* Base */ = {isa = PBXFileReference; lastKnownFileType = file.storyboard; name = Base; path = Base.lproj/Main.storyboard; sourceTree = "<group>"; };
		4D268E2320EE9987000F3597 /* Assets.xcassets */ = {isa = PBXFileReference; lastKnownFileType = folder.assetcatalog; path = Assets.xcassets; sourceTree = "<group>"; };
		4D268E2620EE9987000F3597 /* Base */ = {isa = PBXFileReference; lastKnownFileType = file.storyboard; name = Base; path = Base.lproj/LaunchScreen.storyboard; sourceTree = "<group>"; };
		4D268E2820EE9987000F3597 /* Info.plist */ = {isa = PBXFileReference; lastKnownFileType = text.plist.xml; path = Info.plist; sourceTree = "<group>"; };
		4D268E2E20EE9A2C000F3597 /* MainViewController.swift */ = {isa = PBXFileReference; fileEncoding = 4; lastKnownFileType = sourcecode.swift; path = MainViewController.swift; sourceTree = "<group>"; };
		D8A288A02F9BC9513D982C8F /* Pods-Mist-sample-indoor-location.debug.xcconfig */ = {isa = PBXFileReference; includeInIndex = 1; lastKnownFileType = text.xcconfig; name = "Pods-Mist-sample-indoor-location.debug.xcconfig"; path = "Pods/Target Support Files/Pods-Mist-sample-indoor-location/Pods-Mist-sample-indoor-location.debug.xcconfig"; sourceTree = "<group>"; };
		E6754F7BDFC00F0CAA65035F /* Pods_Mist_sample_indoor_location.framework */ = {isa = PBXFileReference; explicitFileType = wrapper.framework; includeInIndex = 0; path = Pods_Mist_sample_indoor_location.framework; sourceTree = BUILT_PRODUCTS_DIR; };
/* End PBXFileReference section */

/* Begin PBXFrameworksBuildPhase section */
		4D268E1620EE9986000F3597 /* Frameworks */ = {
			isa = PBXFrameworksBuildPhase;
			buildActionMask = 2147483647;
			files = (
				2535852AE44D620D8A41F822 /* Pods_Mist_sample_indoor_location.framework in Frameworks */,
			);
			runOnlyForDeploymentPostprocessing = 0;
		};
/* End PBXFrameworksBuildPhase section */

/* Begin PBXGroup section */
		4D268E1020EE9986000F3597 = {
			isa = PBXGroup;
			children = (
				4D268E1B20EE9986000F3597 /* Mist-sample-indoor-location */,
				4D268E1A20EE9986000F3597 /* Products */,
				B6D7929ABC3BF5BB07B02A60 /* Pods */,
				D75091F9A762E771AF5F07DF /* Frameworks */,
			);
			sourceTree = "<group>";
		};
		4D268E1A20EE9986000F3597 /* Products */ = {
			isa = PBXGroup;
			children = (
				4D268E1920EE9986000F3597 /* Mist-sample-indoor-location.app */,
			);
			name = Products;
			sourceTree = "<group>";
		};
		4D268E1B20EE9986000F3597 /* Mist-sample-indoor-location */ = {
			isa = PBXGroup;
			children = (
				4D268E2E20EE9A2C000F3597 /* MainViewController.swift */,
				4D268E1C20EE9986000F3597 /* AppDelegate.swift */,
				4D268E1E20EE9986000F3597 /* ViewController.swift */,
				4D268E2020EE9986000F3597 /* Main.storyboard */,
				4D268E2320EE9987000F3597 /* Assets.xcassets */,
				4D268E2520EE9987000F3597 /* LaunchScreen.storyboard */,
				4D268E2820EE9987000F3597 /* Info.plist */,
			);
			path = "Mist-sample-indoor-location";
			sourceTree = "<group>";
		};
		B6D7929ABC3BF5BB07B02A60 /* Pods */ = {
			isa = PBXGroup;
			children = (
				D8A288A02F9BC9513D982C8F /* Pods-Mist-sample-indoor-location.debug.xcconfig */,
				0527C9D867BCFE411A6AC2C1 /* Pods-Mist-sample-indoor-location.release.xcconfig */,
			);
			name = Pods;
			sourceTree = "<group>";
		};
		D75091F9A762E771AF5F07DF /* Frameworks */ = {
			isa = PBXGroup;
			children = (
				E6754F7BDFC00F0CAA65035F /* Pods_Mist_sample_indoor_location.framework */,
			);
			name = Frameworks;
			sourceTree = "<group>";
		};
/* End PBXGroup section */

/* Begin PBXNativeTarget section */
		4D268E1820EE9986000F3597 /* Mist-sample-indoor-location */ = {
			isa = PBXNativeTarget;
			buildConfigurationList = 4D268E2B20EE9987000F3597 /* Build configuration list for PBXNativeTarget "Mist-sample-indoor-location" */;
			buildPhases = (
				9BD54BBC37E4EE4CC0D1E8F3 /* [CP] Check Pods Manifest.lock */,
				4D268E1520EE9986000F3597 /* Sources */,
				4D268E1620EE9986000F3597 /* Frameworks */,
				4D268E1720EE9986000F3597 /* Resources */,
				2F2716FD8495185C6ED714AA /* [CP] Embed Pods Frameworks */,
			);
			buildRules = (
			);
			dependencies = (
			);
			name = "Mist-sample-indoor-location";
			productName = "Mist-sample-indoor-location";
			productReference = 4D268E1920EE9986000F3597 /* Mist-sample-indoor-location.app */;
			productType = "com.apple.product-type.application";
		};
/* End PBXNativeTarget section */

/* Begin PBXProject section */
		4D268E1120EE9986000F3597 /* Project object */ = {
			isa = PBXProject;
			attributes = {
				LastSwiftUpdateCheck = 0940;
				LastUpgradeCheck = 0940;
				ORGANIZATIONNAME = Mist;
				TargetAttributes = {
					4D268E1820EE9986000F3597 = {
						CreatedOnToolsVersion = 9.4.1;
					};
				};
			};
			buildConfigurationList = 4D268E1420EE9986000F3597 /* Build configuration list for PBXProject "Mist-sample-indoor-location" */;
			compatibilityVersion = "Xcode 9.3";
			developmentRegion = en;
			hasScannedForEncodings = 0;
			knownRegions = (
				en,
				Base,
			);
			mainGroup = 4D268E1020EE9986000F3597;
			productRefGroup = 4D268E1A20EE9986000F3597 /* Products */;
			projectDirPath = "";
			projectRoot = "";
			targets = (
				4D268E1820EE9986000F3597 /* Mist-sample-indoor-location */,
			);
		};
/* End PBXProject section */

/* Begin PBXResourcesBuildPhase section */
		4D268E1720EE9986000F3597 /* Resources */ = {
			isa = PBXResourcesBuildPhase;
			buildActionMask = 2147483647;
			files = (
				4D268E2720EE9987000F3597 /* LaunchScreen.storyboard in Resources */,
				4D268E2420EE9987000F3597 /* Assets.xcassets in Resources */,
				4D268E2220EE9986000F3597 /* Main.storyboard in Resources */,
			);
			runOnlyForDeploymentPostprocessing = 0;
		};
/* End PBXResourcesBuildPhase section */

/* Begin PBXShellScriptBuildPhase section */
		2F2716FD8495185C6ED714AA /* [CP] Embed Pods Frameworks */ = {
			isa = PBXShellScriptBuildPhase;
			buildActionMask = 2147483647;
			files = (
			);
			inputPaths = (
				"${SRCROOT}/Pods/Target Support Files/Pods-Mist-sample-indoor-location/Pods-Mist-sample-indoor-location-frameworks.sh",
				"${BUILT_PRODUCTS_DIR}/Kingfisher/Kingfisher.framework",
				"${PODS_ROOT}/MistSDK/Framework/MistSDK.framework",
			);
			name = "[CP] Embed Pods Frameworks";
			outputPaths = (
				"${TARGET_BUILD_DIR}/${FRAMEWORKS_FOLDER_PATH}/Kingfisher.framework",
				"${TARGET_BUILD_DIR}/${FRAMEWORKS_FOLDER_PATH}/MistSDK.framework",
			);
			runOnlyForDeploymentPostprocessing = 0;
			shellPath = /bin/sh;
			shellScript = "\"${SRCROOT}/Pods/Target Support Files/Pods-Mist-sample-indoor-location/Pods-Mist-sample-indoor-location-frameworks.sh\"\n";
			showEnvVarsInLog = 0;
		};
		9BD54BBC37E4EE4CC0D1E8F3 /* [CP] Check Pods Manifest.lock */ = {
			isa = PBXShellScriptBuildPhase;
			buildActionMask = 2147483647;
			files = (
			);
			inputPaths = (
				"${PODS_PODFILE_DIR_PATH}/Podfile.lock",
				"${PODS_ROOT}/Manifest.lock",
			);
			name = "[CP] Check Pods Manifest.lock";
			outputPaths = (
				"$(DERIVED_FILE_DIR)/Pods-Mist-sample-indoor-location-checkManifestLockResult.txt",
			);
			runOnlyForDeploymentPostprocessing = 0;
			shellPath = /bin/sh;
			shellScript = "diff \"${PODS_PODFILE_DIR_PATH}/Podfile.lock\" \"${PODS_ROOT}/Manifest.lock\" > /dev/null\nif [ $? != 0 ] ; then\n    # print error to STDERR\n    echo \"error: The sandbox is not in sync with the Podfile.lock. Run 'pod install' or update your CocoaPods installation.\" >&2\n    exit 1\nfi\n# This output is used by Xcode 'outputs' to avoid re-running this script phase.\necho \"SUCCESS\" > \"${SCRIPT_OUTPUT_FILE_0}\"\n";
			showEnvVarsInLog = 0;
		};
/* End PBXShellScriptBuildPhase section */

/* Begin PBXSourcesBuildPhase section */
		4D268E1520EE9986000F3597 /* Sources */ = {
			isa = PBXSourcesBuildPhase;
			buildActionMask = 2147483647;
			files = (
				4D268E2F20EE9A2D000F3597 /* MainViewController.swift in Sources */,
				4D268E1F20EE9986000F3597 /* ViewController.swift in Sources */,
				4D268E1D20EE9986000F3597 /* AppDelegate.swift in Sources */,
			);
			runOnlyForDeploymentPostprocessing = 0;
		};
/* End PBXSourcesBuildPhase section */

/* Begin PBXVariantGroup section */
		4D268E2020EE9986000F3597 /* Main.storyboard */ = {
			isa = PBXVariantGroup;
			children = (
				4D268E2120EE9986000F3597 /* Base */,
			);
			name = Main.storyboard;
			sourceTree = "<group>";
		};
		4D268E2520EE9987000F3597 /* LaunchScreen.storyboard */ = {
			isa = PBXVariantGroup;
			children = (
				4D268E2620EE9987000F3597 /* Base */,
			);
			name = LaunchScreen.storyboard;
			sourceTree = "<group>";
		};
/* End PBXVariantGroup section */

/* Begin XCBuildConfiguration section */
		4D268E2920EE9987000F3597 /* Debug */ = {
			isa = XCBuildConfiguration;
			buildSettings = {
				ALWAYS_SEARCH_USER_PATHS = NO;
				CLANG_ANALYZER_NONNULL = YES;
				CLANG_ANALYZER_NUMBER_OBJECT_CONVERSION = YES_AGGRESSIVE;
				CLANG_CXX_LANGUAGE_STANDARD = "gnu++14";
				CLANG_CXX_LIBRARY = "libc++";
				CLANG_ENABLE_MODULES = YES;
				CLANG_ENABLE_OBJC_ARC = YES;
				CLANG_ENABLE_OBJC_WEAK = YES;
				CLANG_WARN_BLOCK_CAPTURE_AUTORELEASING = YES;
				CLANG_WARN_BOOL_CONVERSION = YES;
				CLANG_WARN_COMMA = YES;
				CLANG_WARN_CONSTANT_CONVERSION = YES;
				CLANG_WARN_DEPRECATED_OBJC_IMPLEMENTATIONS = YES;
				CLANG_WARN_DIRECT_OBJC_ISA_USAGE = YES_ERROR;
				CLANG_WARN_DOCUMENTATION_COMMENTS = YES;
				CLANG_WARN_EMPTY_BODY = YES;
				CLANG_WARN_ENUM_CONVERSION = YES;
				CLANG_WARN_INFINITE_RECURSION = YES;
				CLANG_WARN_INT_CONVERSION = YES;
				CLANG_WARN_NON_LITERAL_NULL_CONVERSION = YES;
				CLANG_WARN_OBJC_IMPLICIT_RETAIN_SELF = YES;
				CLANG_WARN_OBJC_LITERAL_CONVERSION = YES;
				CLANG_WARN_OBJC_ROOT_CLASS = YES_ERROR;
				CLANG_WARN_RANGE_LOOP_ANALYSIS = YES;
				CLANG_WARN_STRICT_PROTOTYPES = YES;
				CLANG_WARN_SUSPICIOUS_MOVE = YES;
				CLANG_WARN_UNGUARDED_AVAILABILITY = YES_AGGRESSIVE;
				CLANG_WARN_UNREACHABLE_CODE = YES;
				CLANG_WARN__DUPLICATE_METHOD_MATCH = YES;
				CODE_SIGN_IDENTITY = "iPhone Developer";
				COPY_PHASE_STRIP = NO;
				DEBUG_INFORMATION_FORMAT = dwarf;
				ENABLE_STRICT_OBJC_MSGSEND = YES;
				ENABLE_TESTABILITY = YES;
				GCC_C_LANGUAGE_STANDARD = gnu11;
				GCC_DYNAMIC_NO_PIC = NO;
				GCC_NO_COMMON_BLOCKS = YES;
				GCC_OPTIMIZATION_LEVEL = 0;
				GCC_PREPROCESSOR_DEFINITIONS = (
					"DEBUG=1",
					"$(inherited)",
				);
				GCC_WARN_64_TO_32_BIT_CONVERSION = YES;
				GCC_WARN_ABOUT_RETURN_TYPE = YES_ERROR;
				GCC_WARN_UNDECLARED_SELECTOR = YES;
				GCC_WARN_UNINITIALIZED_AUTOS = YES_AGGRESSIVE;
				GCC_WARN_UNUSED_FUNCTION = YES;
				GCC_WARN_UNUSED_VARIABLE = YES;
				IPHONEOS_DEPLOYMENT_TARGET = 11.4;
				MTL_ENABLE_DEBUG_INFO = YES;
				ONLY_ACTIVE_ARCH = YES;
				SDKROOT = iphoneos;
				SWIFT_ACTIVE_COMPILATION_CONDITIONS = DEBUG;
				SWIFT_OPTIMIZATION_LEVEL = "-Onone";
			};
			name = Debug;
		};
		4D268E2A20EE9987000F3597 /* Release */ = {
			isa = XCBuildConfiguration;
			buildSettings = {
				ALWAYS_SEARCH_USER_PATHS = NO;
				CLANG_ANALYZER_NONNULL = YES;
				CLANG_ANALYZER_NUMBER_OBJECT_CONVERSION = YES_AGGRESSIVE;
				CLANG_CXX_LANGUAGE_STANDARD = "gnu++14";
				CLANG_CXX_LIBRARY = "libc++";
				CLANG_ENABLE_MODULES = YES;
				CLANG_ENABLE_OBJC_ARC = YES;
				CLANG_ENABLE_OBJC_WEAK = YES;
				CLANG_WARN_BLOCK_CAPTURE_AUTORELEASING = YES;
				CLANG_WARN_BOOL_CONVERSION = YES;
				CLANG_WARN_COMMA = YES;
				CLANG_WARN_CONSTANT_CONVERSION = YES;
				CLANG_WARN_DEPRECATED_OBJC_IMPLEMENTATIONS = YES;
				CLANG_WARN_DIRECT_OBJC_ISA_USAGE = YES_ERROR;
				CLANG_WARN_DOCUMENTATION_COMMENTS = YES;
				CLANG_WARN_EMPTY_BODY = YES;
				CLANG_WARN_ENUM_CONVERSION = YES;
				CLANG_WARN_INFINITE_RECURSION = YES;
				CLANG_WARN_INT_CONVERSION = YES;
				CLANG_WARN_NON_LITERAL_NULL_CONVERSION = YES;
				CLANG_WARN_OBJC_IMPLICIT_RETAIN_SELF = YES;
				CLANG_WARN_OBJC_LITERAL_CONVERSION = YES;
				CLANG_WARN_OBJC_ROOT_CLASS = YES_ERROR;
				CLANG_WARN_RANGE_LOOP_ANALYSIS = YES;
				CLANG_WARN_STRICT_PROTOTYPES = YES;
				CLANG_WARN_SUSPICIOUS_MOVE = YES;
				CLANG_WARN_UNGUARDED_AVAILABILITY = YES_AGGRESSIVE;
				CLANG_WARN_UNREACHABLE_CODE = YES;
				CLANG_WARN__DUPLICATE_METHOD_MATCH = YES;
				CODE_SIGN_IDENTITY = "iPhone Developer";
				COPY_PHASE_STRIP = NO;
				DEBUG_INFORMATION_FORMAT = "dwarf-with-dsym";
				ENABLE_NS_ASSERTIONS = NO;
				ENABLE_STRICT_OBJC_MSGSEND = YES;
				GCC_C_LANGUAGE_STANDARD = gnu11;
				GCC_NO_COMMON_BLOCKS = YES;
				GCC_WARN_64_TO_32_BIT_CONVERSION = YES;
				GCC_WARN_ABOUT_RETURN_TYPE = YES_ERROR;
				GCC_WARN_UNDECLARED_SELECTOR = YES;
				GCC_WARN_UNINITIALIZED_AUTOS = YES_AGGRESSIVE;
				GCC_WARN_UNUSED_FUNCTION = YES;
				GCC_WARN_UNUSED_VARIABLE = YES;
				IPHONEOS_DEPLOYMENT_TARGET = 11.4;
				MTL_ENABLE_DEBUG_INFO = NO;
				SDKROOT = iphoneos;
				SWIFT_COMPILATION_MODE = wholemodule;
				SWIFT_OPTIMIZATION_LEVEL = "-O";
				VALIDATE_PRODUCT = YES;
			};
			name = Release;
		};
		4D268E2C20EE9987000F3597 /* Debug */ = {
			isa = XCBuildConfiguration;
			baseConfigurationReference = D8A288A02F9BC9513D982C8F /* Pods-Mist-sample-indoor-location.debug.xcconfig */;
			buildSettings = {
				ASSETCATALOG_COMPILER_APPICON_NAME = AppIcon;
				CODE_SIGN_STYLE = Automatic;
				DEVELOPMENT_TEAM = S6W43QBW7N;
				INFOPLIST_FILE = "Mist-sample-indoor-location/Info.plist";
				IPHONEOS_DEPLOYMENT_TARGET = 10.0;
				LD_RUNPATH_SEARCH_PATHS = (
					"$(inherited)",
					"@executable_path/Frameworks",
				);
				PRODUCT_BUNDLE_IDENTIFIER = "com.mist.Mist-sample-indoor-location";
				PRODUCT_NAME = "$(TARGET_NAME)";
				SWIFT_VERSION = 4.0;
				TARGETED_DEVICE_FAMILY = "1,2";
			};
			name = Debug;
		};
		4D268E2D20EE9987000F3597 /* Release */ = {
			isa = XCBuildConfiguration;
			baseConfigurationReference = 0527C9D867BCFE411A6AC2C1 /* Pods-Mist-sample-indoor-location.release.xcconfig */;
			buildSettings = {
				ASSETCATALOG_COMPILER_APPICON_NAME = AppIcon;
				CODE_SIGN_STYLE = Automatic;
				DEVELOPMENT_TEAM = S6W43QBW7N;
				INFOPLIST_FILE = "Mist-sample-indoor-location/Info.plist";
				IPHONEOS_DEPLOYMENT_TARGET = 10.0;
				LD_RUNPATH_SEARCH_PATHS = (
					"$(inherited)",
					"@executable_path/Frameworks",
				);
				PRODUCT_BUNDLE_IDENTIFIER = "com.mist.Mist-sample-indoor-location";
				PRODUCT_NAME = "$(TARGET_NAME)";
				SWIFT_VERSION = 4.0;
				TARGETED_DEVICE_FAMILY = "1,2";
			};
			name = Release;
		};
/* End XCBuildConfiguration section */

/* Begin XCConfigurationList section */
		4D268E1420EE9986000F3597 /* Build configuration list for PBXProject "Mist-sample-indoor-location" */ = {
			isa = XCConfigurationList;
			buildConfigurations = (
				4D268E2920EE9987000F3597 /* Debug */,
				4D268E2A20EE9987000F3597 /* Release */,
			);
			defaultConfigurationIsVisible = 0;
			defaultConfigurationName = Release;
		};
		4D268E2B20EE9987000F3597 /* Build configuration list for PBXNativeTarget "Mist-sample-indoor-location" */ = {
			isa = XCConfigurationList;
			buildConfigurations = (
				4D268E2C20EE9987000F3597 /* Debug */,
				4D268E2D20EE9987000F3597 /* Release */,
			);
			defaultConfigurationIsVisible = 0;
			defaultConfigurationName = Release;
		};
/* End XCConfigurationList section */
	};
	rootObject = 4D268E1120EE9986000F3597 /* Project object */;
}
