// !$*UTF8*$!
{
	archiveVersion = 1;
	classes = {
	};
	objectVersion = 51;
	objects = {

/* Begin PBXBuildFile section */
		4D8D89A420EEA60E003A9F6B /* AppDelegate.swift in Sources */ = {isa = PBXBuildFile; fileRef = 4D8D89A320EEA60E003A9F6B /* AppDelegate.swift */; };
		4D8D89AE20EEA60F003A9F6B /* LaunchScreen.storyboard in Resources */ = {isa = PBXBuildFile; fileRef = 4D8D89AC20EEA60F003A9F6B /* LaunchScreen.storyboard */; };
		4D8D89B920EEA66D003A9F6B /* Main.storyboard in Resources */ = {isa = PBXBuildFile; fileRef = 4D8D89B520EEA66D003A9F6B /* Main.storyboard */; };
		4D8D89BA20EEA66D003A9F6B /* MainViewController.swift in Sources */ = {isa = PBXBuildFile; fileRef = 4D8D89B620EEA66D003A9F6B /* MainViewController.swift */; };
		4D8D89BB20EEA66D003A9F6B /* Assets.xcassets in Resources */ = {isa = PBXBuildFile; fileRef = 4D8D89B720EEA66D003A9F6B /* Assets.xcassets */; };
		4D8D89BC20EEA66D003A9F6B /* ViewController.swift in Sources */ = {isa = PBXBuildFile; fileRef = 4D8D89B820EEA66D003A9F6B /* ViewController.swift */; };
		8E89A9BD0C21E0616C3F4B86 /* Pods_Mist_sample_background.framework in Frameworks */ = {isa = PBXBuildFile; fileRef = D2D7C28256B0705C84AC1DFB /* Pods_Mist_sample_background.framework */; };
/* End PBXBuildFile section */

/* Begin PBXFileReference section */
		4D8D89A020EEA60E003A9F6B /* Mist-sample-background.app */ = {isa = PBXFileReference; explicitFileType = wrapper.application; includeInIndex = 0; path = "Mist-sample-background.app"; sourceTree = BUILT_PRODUCTS_DIR; };
		4D8D89A320EEA60E003A9F6B /* AppDelegate.swift */ = {isa = PBXFileReference; lastKnownFileType = sourcecode.swift; path = AppDelegate.swift; sourceTree = "<group>"; };
		4D8D89AD20EEA60F003A9F6B /* Base */ = {isa = PBXFileReference; lastKnownFileType = file.storyboard; name = Base; path = Base.lproj/LaunchScreen.storyboard; sourceTree = "<group>"; };
		4D8D89AF20EEA60F003A9F6B /* Info.plist */ = {isa = PBXFileReference; lastKnownFileType = text.plist.xml; path = Info.plist; sourceTree = "<group>"; };
		4D8D89B520EEA66D003A9F6B /* Main.storyboard */ = {isa = PBXFileReference; fileEncoding = 4; lastKnownFileType = file.storyboard; path = Main.storyboard; sourceTree = "<group>"; };
		4D8D89B620EEA66D003A9F6B /* MainViewController.swift */ = {isa = PBXFileReference; fileEncoding = 4; lastKnownFileType = sourcecode.swift; path = MainViewController.swift; sourceTree = "<group>"; };
		4D8D89B720EEA66D003A9F6B /* Assets.xcassets */ = {isa = PBXFileReference; lastKnownFileType = folder.assetcatalog; path = Assets.xcassets; sourceTree = "<group>"; };
		4D8D89B820EEA66D003A9F6B /* ViewController.swift */ = {isa = PBXFileReference; fileEncoding = 4; lastKnownFileType = sourcecode.swift; path = ViewController.swift; sourceTree = "<group>"; };
		58C82566BA541FC60501A750 /* Pods-Mist-sample-background.debug.xcconfig */ = {isa = PBXFileReference; includeInIndex = 1; lastKnownFileType = text.xcconfig; name = "Pods-Mist-sample-background.debug.xcconfig"; path = "Pods/Target Support Files/Pods-Mist-sample-background/Pods-Mist-sample-background.debug.xcconfig"; sourceTree = "<group>"; };
		CB2695BC689BE31167B83B4A /* Pods-Mist-sample-background.release.xcconfig */ = {isa = PBXFileReference; includeInIndex = 1; lastKnownFileType = text.xcconfig; name = "Pods-Mist-sample-background.release.xcconfig"; path = "Pods/Target Support Files/Pods-Mist-sample-background/Pods-Mist-sample-background.release.xcconfig"; sourceTree = "<group>"; };
		D2D7C28256B0705C84AC1DFB /* Pods_Mist_sample_background.framework */ = {isa = PBXFileReference; explicitFileType = wrapper.framework; includeInIndex = 0; path = Pods_Mist_sample_background.framework; sourceTree = BUILT_PRODUCTS_DIR; };
/* End PBXFileReference section */

/* Begin PBXFrameworksBuildPhase section */
		4D8D899D20EEA60E003A9F6B /* Frameworks */ = {
			isa = PBXFrameworksBuildPhase;
			buildActionMask = 2147483647;
			files = (
				8E89A9BD0C21E0616C3F4B86 /* Pods_Mist_sample_background.framework in Frameworks */,
			);
			runOnlyForDeploymentPostprocessing = 0;
		};
/* End PBXFrameworksBuildPhase section */

/* Begin PBXGroup section */
		1062102E6789C374AA5574FF /* Pods */ = {
			isa = PBXGroup;
			children = (
				58C82566BA541FC60501A750 /* Pods-Mist-sample-background.debug.xcconfig */,
				CB2695BC689BE31167B83B4A /* Pods-Mist-sample-background.release.xcconfig */,
			);
			name = Pods;
			sourceTree = "<group>";
		};
		4D8D899720EEA60E003A9F6B = {
			isa = PBXGroup;
			children = (
				4D8D89A220EEA60E003A9F6B /* Mist-sample-background */,
				4D8D89A120EEA60E003A9F6B /* Products */,
				1062102E6789C374AA5574FF /* Pods */,
				9B296C407ED8081930411AFC /* Frameworks */,
			);
			sourceTree = "<group>";
		};
		4D8D89A120EEA60E003A9F6B /* Products */ = {
			isa = PBXGroup;
			children = (
				4D8D89A020EEA60E003A9F6B /* Mist-sample-background.app */,
			);
			name = Products;
			sourceTree = "<group>";
		};
		4D8D89A220EEA60E003A9F6B /* Mist-sample-background */ = {
			isa = PBXGroup;
			children = (
				4D8D89A320EEA60E003A9F6B /* AppDelegate.swift */,
				4D8D89B720EEA66D003A9F6B /* Assets.xcassets */,
				4D8D89B520EEA66D003A9F6B /* Main.storyboard */,
				4D8D89B620EEA66D003A9F6B /* MainViewController.swift */,
				4D8D89B820EEA66D003A9F6B /* ViewController.swift */,
				4D8D89AC20EEA60F003A9F6B /* LaunchScreen.storyboard */,
				4D8D89AF20EEA60F003A9F6B /* Info.plist */,
			);
			path = "Mist-sample-background";
			sourceTree = "<group>";
		};
		9B296C407ED8081930411AFC /* Frameworks */ = {
			isa = PBXGroup;
			children = (
				D2D7C28256B0705C84AC1DFB /* Pods_Mist_sample_background.framework */,
			);
			name = Frameworks;
			sourceTree = "<group>";
		};
/* End PBXGroup section */

/* Begin PBXNativeTarget section */
		4D8D899F20EEA60E003A9F6B /* Mist-sample-background */ = {
			isa = PBXNativeTarget;
			buildConfigurationList = 4D8D89B220EEA60F003A9F6B /* Build configuration list for PBXNativeTarget "Mist-sample-background" */;
			buildPhases = (
				C5B9E0FA2E033BA014068F8E /* [CP] Check Pods Manifest.lock */,
				4D8D899C20EEA60E003A9F6B /* Sources */,
				4D8D899D20EEA60E003A9F6B /* Frameworks */,
				4D8D899E20EEA60E003A9F6B /* Resources */,
				54B8449C7708B218B2CBACF4 /* [CP] Embed Pods Frameworks */,
			);
			buildRules = (
			);
			dependencies = (
			);
			name = "Mist-sample-background";
			productName = "Mist-sample-background";
			productReference = 4D8D89A020EEA60E003A9F6B /* Mist-sample-background.app */;
			productType = "com.apple.product-type.application";
		};
/* End PBXNativeTarget section */

/* Begin PBXProject section */
		4D8D899820EEA60E003A9F6B /* Project object */ = {
			isa = PBXProject;
			attributes = {
				LastSwiftUpdateCheck = 0940;
				LastUpgradeCheck = 0940;
				ORGANIZATIONNAME = Mist;
				TargetAttributes = {
					4D8D899F20EEA60E003A9F6B = {
						CreatedOnToolsVersion = 9.4.1;
						LastSwiftMigration = 1020;
						SystemCapabilities = {
							com.apple.BackgroundModes = {
								enabled = 1;
							};
						};
					};
				};
			};
			buildConfigurationList = 4D8D899B20EEA60E003A9F6B /* Build configuration list for PBXProject "Mist-sample-background" */;
			compatibilityVersion = "Xcode 9.3";
			developmentRegion = en;
			hasScannedForEncodings = 0;
			knownRegions = (
				en,
				Base,
			);
			mainGroup = 4D8D899720EEA60E003A9F6B;
			productRefGroup = 4D8D89A120EEA60E003A9F6B /* Products */;
			projectDirPath = "";
			projectRoot = "";
			targets = (
				4D8D899F20EEA60E003A9F6B /* Mist-sample-background */,
			);
		};
/* End PBXProject section */

/* Begin PBXResourcesBuildPhase section */
		4D8D899E20EEA60E003A9F6B /* Resources */ = {
			isa = PBXResourcesBuildPhase;
			buildActionMask = 2147483647;
			files = (
				4D8D89AE20EEA60F003A9F6B /* LaunchScreen.storyboard in Resources */,
				4D8D89BB20EEA66D003A9F6B /* Assets.xcassets in Resources */,
				4D8D89B920EEA66D003A9F6B /* Main.storyboard in Resources */,
			);
			runOnlyForDeploymentPostprocessing = 0;
		};
/* End PBXResourcesBuildPhase section */

/* Begin PBXShellScriptBuildPhase section */
		54B8449C7708B218B2CBACF4 /* [CP] Embed Pods Frameworks */ = {
			isa = PBXShellScriptBuildPhase;
			buildActionMask = 2147483647;
			files = (
			);
			inputFileListPaths = (
				"${PODS_ROOT}/Target Support Files/Pods-Mist-sample-background/Pods-Mist-sample-background-frameworks-${CONFIGURATION}-input-files.xcfilelist",
			);
			name = "[CP] Embed Pods Frameworks";
			outputFileListPaths = (
				"${PODS_ROOT}/Target Support Files/Pods-Mist-sample-background/Pods-Mist-sample-background-frameworks-${CONFIGURATION}-output-files.xcfilelist",
			);
			runOnlyForDeploymentPostprocessing = 0;
			shellPath = /bin/sh;
			shellScript = "\"${PODS_ROOT}/Target Support Files/Pods-Mist-sample-background/Pods-Mist-sample-background-frameworks.sh\"\n";
			showEnvVarsInLog = 0;
		};
		C5B9E0FA2E033BA014068F8E /* [CP] Check Pods Manifest.lock */ = {
			isa = PBXShellScriptBuildPhase;
			buildActionMask = 2147483647;
			files = (
			);
			inputPaths = (
				"${PODS_PODFILE_DIR_PATH}/Podfile.lock",
				"${PODS_ROOT}/Manifest.lock",
			);
			name = "[CP] Check Pods Manifest.lock";
			outputPaths = (
				"$(DERIVED_FILE_DIR)/Pods-Mist-sample-background-checkManifestLockResult.txt",
			);
			runOnlyForDeploymentPostprocessing = 0;
			shellPath = /bin/sh;
			shellScript = "diff \"${PODS_PODFILE_DIR_PATH}/Podfile.lock\" \"${PODS_ROOT}/Manifest.lock\" > /dev/null\nif [ $? != 0 ] ; then\n    # print error to STDERR\n    echo \"error: The sandbox is not in sync with the Podfile.lock. Run 'pod install' or update your CocoaPods installation.\" >&2\n    exit 1\nfi\n# This output is used by Xcode 'outputs' to avoid re-running this script phase.\necho \"SUCCESS\" > \"${SCRIPT_OUTPUT_FILE_0}\"\n";
			showEnvVarsInLog = 0;
		};
/* End PBXShellScriptBuildPhase section */

/* Begin PBXSourcesBuildPhase section */
		4D8D899C20EEA60E003A9F6B /* Sources */ = {
			isa = PBXSourcesBuildPhase;
			buildActionMask = 2147483647;
			files = (
				4D8D89BC20EEA66D003A9F6B /* ViewController.swift in Sources */,
				4D8D89A420EEA60E003A9F6B /* AppDelegate.swift in Sources */,
				4D8D89BA20EEA66D003A9F6B /* MainViewController.swift in Sources */,
			);
			runOnlyForDeploymentPostprocessing = 0;
		};
/* End PBXSourcesBuildPhase section */

/* Begin PBXVariantGroup section */
		4D8D89AC20EEA60F003A9F6B /* LaunchScreen.storyboard */ = {
			isa = PBXVariantGroup;
			children = (
				4D8D89AD20EEA60F003A9F6B /* Base */,
			);
			name = LaunchScreen.storyboard;
			sourceTree = "<group>";
		};
/* End PBXVariantGroup section */

/* Begin XCBuildConfiguration section */
		4D8D89B020EEA60F003A9F6B /* Debug */ = {
			isa = XCBuildConfiguration;
			buildSettings = {
				ALWAYS_SEARCH_USER_PATHS = NO;
				CLANG_ANALYZER_NONNULL = YES;
				CLANG_ANALYZER_NUMBER_OBJECT_CONVERSION = YES_AGGRESSIVE;
				CLANG_CXX_LANGUAGE_STANDARD = "gnu++14";
				CLANG_CXX_LIBRARY = "libc++";
				CLANG_ENABLE_MODULES = YES;
				CLANG_ENABLE_OBJC_ARC = YES;
				CLANG_ENABLE_OBJC_WEAK = YES;
				CLANG_WARN_BLOCK_CAPTURE_AUTORELEASING = YES;
				CLANG_WARN_BOOL_CONVERSION = YES;
				CLANG_WARN_COMMA = YES;
				CLANG_WARN_CONSTANT_CONVERSION = YES;
				CLANG_WARN_DEPRECATED_OBJC_IMPLEMENTATIONS = YES;
				CLANG_WARN_DIRECT_OBJC_ISA_USAGE = YES_ERROR;
				CLANG_WARN_DOCUMENTATION_COMMENTS = YES;
				CLANG_WARN_EMPTY_BODY = YES;
				CLANG_WARN_ENUM_CONVERSION = YES;
				CLANG_WARN_INFINITE_RECURSION = YES;
				CLANG_WARN_INT_CONVERSION = YES;
				CLANG_WARN_NON_LITERAL_NULL_CONVERSION = YES;
				CLANG_WARN_OBJC_IMPLICIT_RETAIN_SELF = YES;
				CLANG_WARN_OBJC_LITERAL_CONVERSION = YES;
				CLANG_WARN_OBJC_ROOT_CLASS = YES_ERROR;
				CLANG_WARN_RANGE_LOOP_ANALYSIS = YES;
				CLANG_WARN_STRICT_PROTOTYPES = YES;
				CLANG_WARN_SUSPICIOUS_MOVE = YES;
				CLANG_WARN_UNGUARDED_AVAILABILITY = YES_AGGRESSIVE;
				CLANG_WARN_UNREACHABLE_CODE = YES;
				CLANG_WARN__DUPLICATE_METHOD_MATCH = YES;
				CODE_SIGN_IDENTITY = "iPhone Developer";
				COPY_PHASE_STRIP = NO;
				DEBUG_INFORMATION_FORMAT = dwarf;
				ENABLE_STRICT_OBJC_MSGSEND = YES;
				ENABLE_TESTABILITY = YES;
				GCC_C_LANGUAGE_STANDARD = gnu11;
				GCC_DYNAMIC_NO_PIC = NO;
				GCC_NO_COMMON_BLOCKS = YES;
				GCC_OPTIMIZATION_LEVEL = 0;
				GCC_PREPROCESSOR_DEFINITIONS = (
					"DEBUG=1",
					"$(inherited)",
				);
				GCC_WARN_64_TO_32_BIT_CONVERSION = YES;
				GCC_WARN_ABOUT_RETURN_TYPE = YES_ERROR;
				GCC_WARN_UNDECLARED_SELECTOR = YES;
				GCC_WARN_UNINITIALIZED_AUTOS = YES_AGGRESSIVE;
				GCC_WARN_UNUSED_FUNCTION = YES;
				GCC_WARN_UNUSED_VARIABLE = YES;
				IPHONEOS_DEPLOYMENT_TARGET = 11.4;
				MTL_ENABLE_DEBUG_INFO = YES;
				ONLY_ACTIVE_ARCH = YES;
				SDKROOT = iphoneos;
				SWIFT_ACTIVE_COMPILATION_CONDITIONS = DEBUG;
				SWIFT_OPTIMIZATION_LEVEL = "-Onone";
			};
			name = Debug;
		};
		4D8D89B120EEA60F003A9F6B /* Release */ = {
			isa = XCBuildConfiguration;
			buildSettings = {
				ALWAYS_SEARCH_USER_PATHS = NO;
				CLANG_ANALYZER_NONNULL = YES;
				CLANG_ANALYZER_NUMBER_OBJECT_CONVERSION = YES_AGGRESSIVE;
				CLANG_CXX_LANGUAGE_STANDARD = "gnu++14";
				CLANG_CXX_LIBRARY = "libc++";
				CLANG_ENABLE_MODULES = YES;
				CLANG_ENABLE_OBJC_ARC = YES;
				CLANG_ENABLE_OBJC_WEAK = YES;
				CLANG_WARN_BLOCK_CAPTURE_AUTORELEASING = YES;
				CLANG_WARN_BOOL_CONVERSION = YES;
				CLANG_WARN_COMMA = YES;
				CLANG_WARN_CONSTANT_CONVERSION = YES;
				CLANG_WARN_DEPRECATED_OBJC_IMPLEMENTATIONS = YES;
				CLANG_WARN_DIRECT_OBJC_ISA_USAGE = YES_ERROR;
				CLANG_WARN_DOCUMENTATION_COMMENTS = YES;
				CLANG_WARN_EMPTY_BODY = YES;
				CLANG_WARN_ENUM_CONVERSION = YES;
				CLANG_WARN_INFINITE_RECURSION = YES;
				CLANG_WARN_INT_CONVERSION = YES;
				CLANG_WARN_NON_LITERAL_NULL_CONVERSION = YES;
				CLANG_WARN_OBJC_IMPLICIT_RETAIN_SELF = YES;
				CLANG_WARN_OBJC_LITERAL_CONVERSION = YES;
				CLANG_WARN_OBJC_ROOT_CLASS = YES_ERROR;
				CLANG_WARN_RANGE_LOOP_ANALYSIS = YES;
				CLANG_WARN_STRICT_PROTOTYPES = YES;
				CLANG_WARN_SUSPICIOUS_MOVE = YES;
				CLANG_WARN_UNGUARDED_AVAILABILITY = YES_AGGRESSIVE;
				CLANG_WARN_UNREACHABLE_CODE = YES;
				CLANG_WARN__DUPLICATE_METHOD_MATCH = YES;
				CODE_SIGN_IDENTITY = "iPhone Developer";
				COPY_PHASE_STRIP = NO;
				DEBUG_INFORMATION_FORMAT = "dwarf-with-dsym";
				ENABLE_NS_ASSERTIONS = NO;
				ENABLE_STRICT_OBJC_MSGSEND = YES;
				GCC_C_LANGUAGE_STANDARD = gnu11;
				GCC_NO_COMMON_BLOCKS = YES;
				GCC_WARN_64_TO_32_BIT_CONVERSION = YES;
				GCC_WARN_ABOUT_RETURN_TYPE = YES_ERROR;
				GCC_WARN_UNDECLARED_SELECTOR = YES;
				GCC_WARN_UNINITIALIZED_AUTOS = YES_AGGRESSIVE;
				GCC_WARN_UNUSED_FUNCTION = YES;
				GCC_WARN_UNUSED_VARIABLE = YES;
				IPHONEOS_DEPLOYMENT_TARGET = 11.4;
				MTL_ENABLE_DEBUG_INFO = NO;
				SDKROOT = iphoneos;
				SWIFT_COMPILATION_MODE = wholemodule;
				SWIFT_OPTIMIZATION_LEVEL = "-O";
				VALIDATE_PRODUCT = YES;
			};
			name = Release;
		};
		4D8D89B320EEA60F003A9F6B /* Debug */ = {
			isa = XCBuildConfiguration;
			baseConfigurationReference = 58C82566BA541FC60501A750 /* Pods-Mist-sample-background.debug.xcconfig */;
			buildSettings = {
				ASSETCATALOG_COMPILER_APPICON_NAME = AppIcon;
				CODE_SIGN_STYLE = Automatic;
				DEVELOPMENT_TEAM = S6W43QBW7N;
				INFOPLIST_FILE = "Mist-sample-background/Info.plist";
				IPHONEOS_DEPLOYMENT_TARGET = 10.0;
				LD_RUNPATH_SEARCH_PATHS = (
					"$(inherited)",
					"@executable_path/Frameworks",
				);
				PRODUCT_BUNDLE_IDENTIFIER = "com.mist.Mist-sample-background";
				PRODUCT_NAME = "$(TARGET_NAME)";
				SWIFT_VERSION = 5.0;
				TARGETED_DEVICE_FAMILY = "1,2";
			};
			name = Debug;
		};
		4D8D89B420EEA60F003A9F6B /* Release */ = {
			isa = XCBuildConfiguration;
			baseConfigurationReference = CB2695BC689BE31167B83B4A /* Pods-Mist-sample-background.release.xcconfig */;
			buildSettings = {
				ASSETCATALOG_COMPILER_APPICON_NAME = AppIcon;
				CODE_SIGN_STYLE = Automatic;
				DEVELOPMENT_TEAM = S6W43QBW7N;
				INFOPLIST_FILE = "Mist-sample-background/Info.plist";
				IPHONEOS_DEPLOYMENT_TARGET = 10.0;
				LD_RUNPATH_SEARCH_PATHS = (
					"$(inherited)",
					"@executable_path/Frameworks",
				);
				PRODUCT_BUNDLE_IDENTIFIER = "com.mist.Mist-sample-background";
				PRODUCT_NAME = "$(TARGET_NAME)";
				SWIFT_VERSION = 5.0;
				TARGETED_DEVICE_FAMILY = "1,2";
			};
			name = Release;
		};
/* End XCBuildConfiguration section */

/* Begin XCConfigurationList section */
		4D8D899B20EEA60E003A9F6B /* Build configuration list for PBXProject "Mist-sample-background" */ = {
			isa = XCConfigurationList;
			buildConfigurations = (
				4D8D89B020EEA60F003A9F6B /* Debug */,
				4D8D89B120EEA60F003A9F6B /* Release */,
			);
			defaultConfigurationIsVisible = 0;
			defaultConfigurationName = Release;
		};
		4D8D89B220EEA60F003A9F6B /* Build configuration list for PBXNativeTarget "Mist-sample-background" */ = {
			isa = XCConfigurationList;
			buildConfigurations = (
				4D8D89B320EEA60F003A9F6B /* Debug */,
				4D8D89B420EEA60F003A9F6B /* Release */,
			);
			defaultConfigurationIsVisible = 0;
			defaultConfigurationName = Release;
		};
/* End XCConfigurationList section */
	};
	rootObject = 4D8D899820EEA60E003A9F6B /* Project object */;
}
