// !$*UTF8*$!
{
	archiveVersion = 1;
	classes = {
	};
	objectVersion = 51;
	objects = {

/* Begin PBXBuildFile section */
		0DD2776123B6944B00536C62 /* SceneDelegate.swift in Sources */ = {isa = PBXBuildFile; fileRef = 0DD2776023B6944B00536C62 /* SceneDelegate.swift */; };
		0DE52D3923AAE47000959ED6 /* ViewController.swift in Sources */ = {isa = PBXBuildFile; fileRef = 0DE52D3823AAE47000959ED6 /* ViewController.swift */; };
		0DE52D3C23AAE47000959ED6 /* Main.storyboard in Resources */ = {isa = PBXBuildFile; fileRef = 0DE52D3A23AAE47000959ED6 /* Main.storyboard */; };
		0DE52D3E23AAE47300959ED6 /* Assets.xcassets in Resources */ = {isa = PBXBuildFile; fileRef = 0DE52D3D23AAE47300959ED6 /* Assets.xcassets */; };
		0DE52D4123AAE47300959ED6 /* LaunchScreen.storyboard in Resources */ = {isa = PBXBuildFile; fileRef = 0DE52D3F23AAE47300959ED6 /* LaunchScreen.storyboard */; };
		0DE52D4C23AAE57300959ED6 /* MainViewController.swift in Sources */ = {isa = PBXBuildFile; fileRef = 0DE52D4A23AAE57300959ED6 /* MainViewController.swift */; };
		0DE52D5023AAEA0F00959ED6 /* AppDelegate.swift in Sources */ = {isa = PBXBuildFile; fileRef = 0DE52D4F23AAEA0F00959ED6 /* AppDelegate.swift */; };
		D6D563DBB25B14EF1E7EE874 /* Pods_Mist_sample_background_dr.framework in Frameworks */ = {isa = PBXBuildFile; fileRef = 03B9F345DB1836F0A544DC38 /* Pods_Mist_sample_background_dr.framework */; };
/* End PBXBuildFile section */

/* Begin PBXCopyFilesBuildPhase section */
		0D38C0212408994800E07F9C /* Embed Frameworks */ = {
			isa = PBXCopyFilesBuildPhase;
			buildActionMask = 2147483647;
			dstPath = "";
			dstSubfolderSpec = 10;
			files = (
			);
			name = "Embed Frameworks";
			runOnlyForDeploymentPostprocessing = 0;
		};
/* End PBXCopyFilesBuildPhase section */

/* Begin PBXFileReference section */
		03B9F345DB1836F0A544DC38 /* Pods_Mist_sample_background_dr.framework */ = {isa = PBXFileReference; explicitFileType = wrapper.framework; includeInIndex = 0; path = Pods_Mist_sample_background_dr.framework; sourceTree = BUILT_PRODUCTS_DIR; };
		0DD2776023B6944B00536C62 /* SceneDelegate.swift */ = {isa = PBXFileReference; fileEncoding = 4; lastKnownFileType = sourcecode.swift; path = SceneDelegate.swift; sourceTree = "<group>"; };
		0DE52D3123AAE47000959ED6 /* Mist-background-DR.app */ = {isa = PBXFileReference; explicitFileType = wrapper.application; includeInIndex = 0; path = "Mist-background-DR.app"; sourceTree = BUILT_PRODUCTS_DIR; };
		0DE52D3823AAE47000959ED6 /* ViewController.swift */ = {isa = PBXFileReference; lastKnownFileType = sourcecode.swift; path = ViewController.swift; sourceTree = "<group>"; };
		0DE52D3B23AAE47000959ED6 /* Base */ = {isa = PBXFileReference; lastKnownFileType = file.storyboard; name = Base; path = Base.lproj/Main.storyboard; sourceTree = "<group>"; };
		0DE52D3D23AAE47300959ED6 /* Assets.xcassets */ = {isa = PBXFileReference; lastKnownFileType = folder.assetcatalog; path = Assets.xcassets; sourceTree = "<group>"; };
		0DE52D4023AAE47300959ED6 /* Base */ = {isa = PBXFileReference; lastKnownFileType = file.storyboard; name = Base; path = Base.lproj/LaunchScreen.storyboard; sourceTree = "<group>"; };
		0DE52D4223AAE47300959ED6 /* Info.plist */ = {isa = PBXFileReference; lastKnownFileType = text.plist.xml; path = Info.plist; sourceTree = "<group>"; };
		0DE52D4A23AAE57300959ED6 /* MainViewController.swift */ = {isa = PBXFileReference; lastKnownFileType = sourcecode.swift; path = MainViewController.swift; sourceTree = "<group>"; };
		0DE52D4F23AAEA0F00959ED6 /* AppDelegate.swift */ = {isa = PBXFileReference; fileEncoding = 4; lastKnownFileType = sourcecode.swift; path = AppDelegate.swift; sourceTree = "<group>"; };
		3275925795E00C36A8315D80 /* Pods-Mist-sample-background-dr.debug.xcconfig */ = {isa = PBXFileReference; includeInIndex = 1; lastKnownFileType = text.xcconfig; name = "Pods-Mist-sample-background-dr.debug.xcconfig"; path = "Target Support Files/Pods-Mist-sample-background-dr/Pods-Mist-sample-background-dr.debug.xcconfig"; sourceTree = "<group>"; };
		41F8243FE9F3D0967B6011A7 /* Pods-Mist-sample-background-dr.release.xcconfig */ = {isa = PBXFileReference; includeInIndex = 1; lastKnownFileType = text.xcconfig; name = "Pods-Mist-sample-background-dr.release.xcconfig"; path = "Target Support Files/Pods-Mist-sample-background-dr/Pods-Mist-sample-background-dr.release.xcconfig"; sourceTree = "<group>"; };
/* End PBXFileReference section */

/* Begin PBXFrameworksBuildPhase section */
		0DE52D2E23AAE47000959ED6 /* Frameworks */ = {
			isa = PBXFrameworksBuildPhase;
			buildActionMask = 2147483647;
			files = (
				D6D563DBB25B14EF1E7EE874 /* Pods_Mist_sample_background_dr.framework in Frameworks */,
			);
			runOnlyForDeploymentPostprocessing = 0;
		};
/* End PBXFrameworksBuildPhase section */

/* Begin PBXGroup section */
		0DA799DB23AC35FB00F13C9B /* Frameworks */ = {
			isa = PBXGroup;
			children = (
				03B9F345DB1836F0A544DC38 /* Pods_Mist_sample_background_dr.framework */,
			);
			name = Frameworks;
			sourceTree = "<group>";
		};
		0DE52D2823AAE47000959ED6 = {
			isa = PBXGroup;
			children = (
				0DE52D3323AAE47000959ED6 /* Mist-sample-background-dr */,
				0DE52D3223AAE47000959ED6 /* Products */,
				0DA799DB23AC35FB00F13C9B /* Frameworks */,
				415C630F192708180A203E7E /* Pods */,
			);
			sourceTree = "<group>";
		};
		0DE52D3223AAE47000959ED6 /* Products */ = {
			isa = PBXGroup;
			children = (
				0DE52D3123AAE47000959ED6 /* Mist-background-DR.app */,
			);
			name = Products;
			sourceTree = "<group>";
		};
		0DE52D3323AAE47000959ED6 /* Mist-sample-background-dr */ = {
			isa = PBXGroup;
			children = (
				0DD2776023B6944B00536C62 /* SceneDelegate.swift */,
				0DE52D4F23AAEA0F00959ED6 /* AppDelegate.swift */,
				0DE52D4A23AAE57300959ED6 /* MainViewController.swift */,
				0DE52D3823AAE47000959ED6 /* ViewController.swift */,
				0DE52D3A23AAE47000959ED6 /* Main.storyboard */,
				0DE52D3D23AAE47300959ED6 /* Assets.xcassets */,
				0DE52D3F23AAE47300959ED6 /* LaunchScreen.storyboard */,
				0DE52D4223AAE47300959ED6 /* Info.plist */,
			);
			path = "Mist-sample-background-dr";
			sourceTree = "<group>";
		};
		415C630F192708180A203E7E /* Pods */ = {
			isa = PBXGroup;
			children = (
				3275925795E00C36A8315D80 /* Pods-Mist-sample-background-dr.debug.xcconfig */,
				41F8243FE9F3D0967B6011A7 /* Pods-Mist-sample-background-dr.release.xcconfig */,
			);
			path = Pods;
			sourceTree = "<group>";
		};
/* End PBXGroup section */

/* Begin PBXNativeTarget section */
		0DE52D3023AAE47000959ED6 /* Mist-sample-background-dr */ = {
			isa = PBXNativeTarget;
			buildConfigurationList = 0DE52D4523AAE47300959ED6 /* Build configuration list for PBXNativeTarget "Mist-sample-background-dr" */;
			buildPhases = (
				7A3FA49F924D8245A3CE9254 /* [CP] Check Pods Manifest.lock */,
				0DE52D2D23AAE47000959ED6 /* Sources */,
				0DE52D2E23AAE47000959ED6 /* Frameworks */,
				0DE52D2F23AAE47000959ED6 /* Resources */,
				0D38C0212408994800E07F9C /* Embed Frameworks */,
				E09F71A2A04ADAE849226E4D /* [CP] Embed Pods Frameworks */,
			);
			buildRules = (
			);
			dependencies = (
			);
			name = "Mist-sample-background-dr";
			productName = "Mist-sample-background-dr";
			productReference = 0DE52D3123AAE47000959ED6 /* Mist-background-DR.app */;
			productType = "com.apple.product-type.application";
		};
/* End PBXNativeTarget section */

/* Begin PBXProject section */
		0DE52D2923AAE47000959ED6 /* Project object */ = {
			isa = PBXProject;
			attributes = {
				LastSwiftUpdateCheck = 1120;
				LastUpgradeCheck = 1120;
				ORGANIZATIONNAME = "Pooja Gulabchand Mishra";
				TargetAttributes = {
					0DE52D3023AAE47000959ED6 = {
						CreatedOnToolsVersion = 11.2.1;
					};
				};
			};
			buildConfigurationList = 0DE52D2C23AAE47000959ED6 /* Build configuration list for PBXProject "Mist-sample-background-dr" */;
			compatibilityVersion = "Xcode 9.3";
			developmentRegion = en;
			hasScannedForEncodings = 0;
			knownRegions = (
				en,
				Base,
			);
			mainGroup = 0DE52D2823AAE47000959ED6;
			productRefGroup = 0DE52D3223AAE47000959ED6 /* Products */;
			projectDirPath = "";
			projectRoot = "";
			targets = (
				0DE52D3023AAE47000959ED6 /* Mist-sample-background-dr */,
			);
		};
/* End PBXProject section */

/* Begin PBXResourcesBuildPhase section */
		0DE52D2F23AAE47000959ED6 /* Resources */ = {
			isa = PBXResourcesBuildPhase;
			buildActionMask = 2147483647;
			files = (
				0DE52D4123AAE47300959ED6 /* LaunchScreen.storyboard in Resources */,
				0DE52D3E23AAE47300959ED6 /* Assets.xcassets in Resources */,
				0DE52D3C23AAE47000959ED6 /* Main.storyboard in Resources */,
			);
			runOnlyForDeploymentPostprocessing = 0;
		};
/* End PBXResourcesBuildPhase section */

/* Begin PBXShellScriptBuildPhase section */
		7A3FA49F924D8245A3CE9254 /* [CP] Check Pods Manifest.lock */ = {
			isa = PBXShellScriptBuildPhase;
			buildActionMask = 2147483647;
			files = (
			);
			inputFileListPaths = (
			);
			inputPaths = (
				"${PODS_PODFILE_DIR_PATH}/Podfile.lock",
				"${PODS_ROOT}/Manifest.lock",
			);
			name = "[CP] Check Pods Manifest.lock";
			outputFileListPaths = (
			);
			outputPaths = (
				"$(DERIVED_FILE_DIR)/Pods-Mist-sample-background-dr-checkManifestLockResult.txt",
			);
			runOnlyForDeploymentPostprocessing = 0;
			shellPath = /bin/sh;
			shellScript = "diff \"${PODS_PODFILE_DIR_PATH}/Podfile.lock\" \"${PODS_ROOT}/Manifest.lock\" > /dev/null\nif [ $? != 0 ] ; then\n    # print error to STDERR\n    echo \"error: The sandbox is not in sync with the Podfile.lock. Run 'pod install' or update your CocoaPods installation.\" >&2\n    exit 1\nfi\n# This output is used by Xcode 'outputs' to avoid re-running this script phase.\necho \"SUCCESS\" > \"${SCRIPT_OUTPUT_FILE_0}\"\n";
			showEnvVarsInLog = 0;
		};
		E09F71A2A04ADAE849226E4D /* [CP] Embed Pods Frameworks */ = {
			isa = PBXShellScriptBuildPhase;
			buildActionMask = 2147483647;
			files = (
			);
			inputFileListPaths = (
				"${PODS_ROOT}/Target Support Files/Pods-Mist-sample-background-dr/Pods-Mist-sample-background-dr-frameworks-${CONFIGURATION}-input-files.xcfilelist",
			);
			name = "[CP] Embed Pods Frameworks";
			outputFileListPaths = (
				"${PODS_ROOT}/Target Support Files/Pods-Mist-sample-background-dr/Pods-Mist-sample-background-dr-frameworks-${CONFIGURATION}-output-files.xcfilelist",
			);
			runOnlyForDeploymentPostprocessing = 0;
			shellPath = /bin/sh;
			shellScript = "\"${PODS_ROOT}/Target Support Files/Pods-Mist-sample-background-dr/Pods-Mist-sample-background-dr-frameworks.sh\"\n";
			showEnvVarsInLog = 0;
		};
/* End PBXShellScriptBuildPhase section */

/* Begin PBXSourcesBuildPhase section */
		0DE52D2D23AAE47000959ED6 /* Sources */ = {
			isa = PBXSourcesBuildPhase;
			buildActionMask = 2147483647;
			files = (
				0DE52D5023AAEA0F00959ED6 /* AppDelegate.swift in Sources */,
				0DE52D3923AAE47000959ED6 /* ViewController.swift in Sources */,
				0DE52D4C23AAE57300959ED6 /* MainViewController.swift in Sources */,
				0DD2776123B6944B00536C62 /* SceneDelegate.swift in Sources */,
			);
			runOnlyForDeploymentPostprocessing = 0;
		};
/* End PBXSourcesBuildPhase section */

/* Begin PBXVariantGroup section */
		0DE52D3A23AAE47000959ED6 /* Main.storyboard */ = {
			isa = PBXVariantGroup;
			children = (
				0DE52D3B23AAE47000959ED6 /* Base */,
			);
			name = Main.storyboard;
			sourceTree = "<group>";
		};
		0DE52D3F23AAE47300959ED6 /* LaunchScreen.storyboard */ = {
			isa = PBXVariantGroup;
			children = (
				0DE52D4023AAE47300959ED6 /* Base */,
			);
			name = LaunchScreen.storyboard;
			sourceTree = "<group>";
		};
/* End PBXVariantGroup section */

/* Begin XCBuildConfiguration section */
		0DE52D4323AAE47300959ED6 /* Debug */ = {
			isa = XCBuildConfiguration;
			buildSettings = {
				ALWAYS_SEARCH_USER_PATHS = NO;
				CLANG_ANALYZER_NONNULL = YES;
				CLANG_ANALYZER_NUMBER_OBJECT_CONVERSION = YES_AGGRESSIVE;
				CLANG_CXX_LANGUAGE_STANDARD = "gnu++14";
				CLANG_CXX_LIBRARY = "libc++";
				CLANG_ENABLE_MODULES = YES;
				CLANG_ENABLE_OBJC_ARC = YES;
				CLANG_ENABLE_OBJC_WEAK = YES;
				CLANG_WARN_BLOCK_CAPTURE_AUTORELEASING = YES;
				CLANG_WARN_BOOL_CONVERSION = YES;
				CLANG_WARN_COMMA = YES;
				CLANG_WARN_CONSTANT_CONVERSION = YES;
				CLANG_WARN_DEPRECATED_OBJC_IMPLEMENTATIONS = YES;
				CLANG_WARN_DIRECT_OBJC_ISA_USAGE = YES_ERROR;
				CLANG_WARN_DOCUMENTATION_COMMENTS = YES;
				CLANG_WARN_EMPTY_BODY = YES;
				CLANG_WARN_ENUM_CONVERSION = YES;
				CLANG_WARN_INFINITE_RECURSION = YES;
				CLANG_WARN_INT_CONVERSION = YES;
				CLANG_WARN_NON_LITERAL_NULL_CONVERSION = YES;
				CLANG_WARN_OBJC_IMPLICIT_RETAIN_SELF = YES;
				CLANG_WARN_OBJC_LITERAL_CONVERSION = YES;
				CLANG_WARN_OBJC_ROOT_CLASS = YES_ERROR;
				CLANG_WARN_RANGE_LOOP_ANALYSIS = YES;
				CLANG_WARN_STRICT_PROTOTYPES = YES;
				CLANG_WARN_SUSPICIOUS_MOVE = YES;
				CLANG_WARN_UNGUARDED_AVAILABILITY = YES_AGGRESSIVE;
				CLANG_WARN_UNREACHABLE_CODE = YES;
				CLANG_WARN__DUPLICATE_METHOD_MATCH = YES;
				COPY_PHASE_STRIP = NO;
				DEBUG_INFORMATION_FORMAT = dwarf;
				ENABLE_BITCODE = NO;
				ENABLE_STRICT_OBJC_MSGSEND = YES;
				ENABLE_TESTABILITY = YES;
				GCC_C_LANGUAGE_STANDARD = gnu11;
				GCC_DYNAMIC_NO_PIC = NO;
				GCC_NO_COMMON_BLOCKS = YES;
				GCC_OPTIMIZATION_LEVEL = 0;
				GCC_PREPROCESSOR_DEFINITIONS = (
					"DEBUG=1",
					"$(inherited)",
				);
				GCC_WARN_64_TO_32_BIT_CONVERSION = YES;
				GCC_WARN_ABOUT_RETURN_TYPE = YES_ERROR;
				GCC_WARN_UNDECLARED_SELECTOR = YES;
				GCC_WARN_UNINITIALIZED_AUTOS = YES_AGGRESSIVE;
				GCC_WARN_UNUSED_FUNCTION = YES;
				GCC_WARN_UNUSED_VARIABLE = YES;
				IPHONEOS_DEPLOYMENT_TARGET = 11.1;
				MTL_ENABLE_DEBUG_INFO = INCLUDE_SOURCE;
				MTL_FAST_MATH = YES;
				ONLY_ACTIVE_ARCH = YES;
				SDKROOT = iphoneos;
				SWIFT_ACTIVE_COMPILATION_CONDITIONS = DEBUG;
				SWIFT_OPTIMIZATION_LEVEL = "-Onone";
				SWIFT_VERSION = 5.0;
				VALID_ARCHS = "arm64 arm64e armv7 armv7s";
			};
			name = Debug;
		};
		0DE52D4423AAE47300959ED6 /* Release */ = {
			isa = XCBuildConfiguration;
			buildSettings = {
				ALWAYS_SEARCH_USER_PATHS = NO;
				CLANG_ANALYZER_NONNULL = YES;
				CLANG_ANALYZER_NUMBER_OBJECT_CONVERSION = YES_AGGRESSIVE;
				CLANG_CXX_LANGUAGE_STANDARD = "gnu++14";
				CLANG_CXX_LIBRARY = "libc++";
				CLANG_ENABLE_MODULES = YES;
				CLANG_ENABLE_OBJC_ARC = YES;
				CLANG_ENABLE_OBJC_WEAK = YES;
				CLANG_WARN_BLOCK_CAPTURE_AUTORELEASING = YES;
				CLANG_WARN_BOOL_CONVERSION = YES;
				CLANG_WARN_COMMA = YES;
				CLANG_WARN_CONSTANT_CONVERSION = YES;
				CLANG_WARN_DEPRECATED_OBJC_IMPLEMENTATIONS = YES;
				CLANG_WARN_DIRECT_OBJC_ISA_USAGE = YES_ERROR;
				CLANG_WARN_DOCUMENTATION_COMMENTS = YES;
				CLANG_WARN_EMPTY_BODY = YES;
				CLANG_WARN_ENUM_CONVERSION = YES;
				CLANG_WARN_INFINITE_RECURSION = YES;
				CLANG_WARN_INT_CONVERSION = YES;
				CLANG_WARN_NON_LITERAL_NULL_CONVERSION = YES;
				CLANG_WARN_OBJC_IMPLICIT_RETAIN_SELF = YES;
				CLANG_WARN_OBJC_LITERAL_CONVERSION = YES;
				CLANG_WARN_OBJC_ROOT_CLASS = YES_ERROR;
				CLANG_WARN_RANGE_LOOP_ANALYSIS = YES;
				CLANG_WARN_STRICT_PROTOTYPES = YES;
				CLANG_WARN_SUSPICIOUS_MOVE = YES;
				CLANG_WARN_UNGUARDED_AVAILABILITY = YES_AGGRESSIVE;
				CLANG_WARN_UNREACHABLE_CODE = YES;
				CLANG_WARN__DUPLICATE_METHOD_MATCH = YES;
				COPY_PHASE_STRIP = NO;
				DEBUG_INFORMATION_FORMAT = "dwarf-with-dsym";
				ENABLE_BITCODE = NO;
				ENABLE_NS_ASSERTIONS = NO;
				ENABLE_STRICT_OBJC_MSGSEND = YES;
				GCC_C_LANGUAGE_STANDARD = gnu11;
				GCC_NO_COMMON_BLOCKS = YES;
				GCC_WARN_64_TO_32_BIT_CONVERSION = YES;
				GCC_WARN_ABOUT_RETURN_TYPE = YES_ERROR;
				GCC_WARN_UNDECLARED_SELECTOR = YES;
				GCC_WARN_UNINITIALIZED_AUTOS = YES_AGGRESSIVE;
				GCC_WARN_UNUSED_FUNCTION = YES;
				GCC_WARN_UNUSED_VARIABLE = YES;
				IPHONEOS_DEPLOYMENT_TARGET = 11.1;
				MTL_ENABLE_DEBUG_INFO = NO;
				MTL_FAST_MATH = YES;
				ONLY_ACTIVE_ARCH = YES;
				SDKROOT = iphoneos;
				SWIFT_COMPILATION_MODE = wholemodule;
				SWIFT_OPTIMIZATION_LEVEL = "-O";
				SWIFT_VERSION = 5.0;
				VALIDATE_PRODUCT = YES;
				VALID_ARCHS = "arm64 arm64e armv7 armv7s";
			};
			name = Release;
		};
		0DE52D4623AAE47300959ED6 /* Debug */ = {
			isa = XCBuildConfiguration;
			baseConfigurationReference = 3275925795E00C36A8315D80 /* Pods-Mist-sample-background-dr.debug.xcconfig */;
			buildSettings = {
				ASSETCATALOG_COMPILER_APPICON_NAME = AppIcon;
				CODE_SIGN_IDENTITY = "Apple Development";
				CODE_SIGN_STYLE = Automatic;
				DEVELOPMENT_ASSET_PATHS = "";
				DEVELOPMENT_TEAM = "";
				FRAMEWORK_SEARCH_PATHS = (
					"$(inherited)",
					"$(PROJECT_DIR)",
				);
				INFOPLIST_FILE = "Mist-sample-background-dr/Info.plist";
				IPHONEOS_DEPLOYMENT_TARGET = 11.4;
				LD_RUNPATH_SEARCH_PATHS = (
					"$(inherited)",
					"@executable_path/Frameworks",
				);
				PRODUCT_BUNDLE_IDENTIFIER = "com.mist.Mist-sample-background-dr";
				PRODUCT_NAME = "Mist-background-DR";
				PROVISIONING_PROFILE_SPECIFIER = "";
				SWIFT_VERSION = 5.0;
				TARGETED_DEVICE_FAMILY = "1,2";
				VALID_ARCHS = "arm64 arm64e armv7 armv7s";
			};
			name = Debug;
		};
		0DE52D4723AAE47300959ED6 /* Release */ = {
			isa = XCBuildConfiguration;
			baseConfigurationReference = 41F8243FE9F3D0967B6011A7 /* Pods-Mist-sample-background-dr.release.xcconfig */;
			buildSettings = {
				ASSETCATALOG_COMPILER_APPICON_NAME = AppIcon;
				CODE_SIGN_IDENTITY = "Apple Development";
				CODE_SIGN_STYLE = Automatic;
				DEVELOPMENT_ASSET_PATHS = "";
				DEVELOPMENT_TEAM = "";
				FRAMEWORK_SEARCH_PATHS = (
					"$(inherited)",
					"$(PROJECT_DIR)",
				);
				INFOPLIST_FILE = "Mist-sample-background-dr/Info.plist";
				IPHONEOS_DEPLOYMENT_TARGET = 11.4;
				LD_RUNPATH_SEARCH_PATHS = (
					"$(inherited)",
					"@executable_path/Frameworks",
				);
				PRODUCT_BUNDLE_IDENTIFIER = "com.mist.Mist-sample-background-dr";
				PRODUCT_NAME = "Mist-background-DR";
				PROVISIONING_PROFILE_SPECIFIER = "";
				SWIFT_VERSION = 5.0;
				TARGETED_DEVICE_FAMILY = "1,2";
				VALID_ARCHS = "arm64 arm64e armv7 armv7s";
			};
			name = Release;
		};
/* End XCBuildConfiguration section */

/* Begin XCConfigurationList section */
		0DE52D2C23AAE47000959ED6 /* Build configuration list for PBXProject "Mist-sample-background-dr" */ = {
			isa = XCConfigurationList;
			buildConfigurations = (
				0DE52D4323AAE47300959ED6 /* Debug */,
				0DE52D4423AAE47300959ED6 /* Release */,
			);
			defaultConfigurationIsVisible = 0;
			defaultConfigurationName = Release;
		};
		0DE52D4523AAE47300959ED6 /* Build configuration list for PBXNativeTarget "Mist-sample-background-dr" */ = {
			isa = XCConfigurationList;
			buildConfigurations = (
				0DE52D4623AAE47300959ED6 /* Debug */,
				0DE52D4723AAE47300959ED6 /* Release */,
			);
			defaultConfigurationIsVisible = 0;
			defaultConfigurationName = Release;
		};
/* End XCConfigurationList section */
	};
	rootObject = 0DE52D2923AAE47000959ED6 /* Project object */;
}
