{
  "pins" : [
    {
      "identity" : "mist-vble-ios-sdk",
      "kind" : "remoteSourceControl",
      "location" : "https://github.com/mistsys/mist-vble-ios-sdk.git",
      "state" : {
        "revision" : "e8f61a44a723cee616406417f714ad8e82f31edd",
        "version" : "2.0.8"
      }
    }
  ],
  "version" : 2
}
