// !$*UTF8*$!
{
	archiveVersion = 1;
	classes = {
	};
	objectVersion = 50;
	objects = {

/* Begin PBXBuildFile section */
		0D7B1F9F2388585100BF1872 /* AppDelegate.swift in Sources */ = {isa = PBXBuildFile; fileRef = 0D7B1F9E2388585100BF1872 /* AppDelegate.swift */; };
		0D7B1FA32388585100BF1872 /* ViewController.swift in Sources */ = {isa = PBXBuildFile; fileRef = 0D7B1FA22388585100BF1872 /* ViewController.swift */; };
		0D7B1FA62388585100BF1872 /* Main.storyboard in Resources */ = {isa = PBXBuildFile; fileRef = 0D7B1FA42388585100BF1872 /* Main.storyboard */; };
		0D7B1FA82388585400BF1872 /* Assets.xcassets in Resources */ = {isa = PBXBuildFile; fileRef = 0D7B1FA72388585400BF1872 /* Assets.xcassets */; };
		0D7B1FAB2388585400BF1872 /* LaunchScreen.storyboard in Resources */ = {isa = PBXBuildFile; fileRef = 0D7B1FA92388585400BF1872 /* LaunchScreen.storyboard */; };
		0DA645F523A8562D00449848 /* MistSDK.framework in Frameworks */ = {isa = PBXBuildFile; fileRef = 0D525EFD23A1BC9B00691CC3 /* MistSDK.framework */; };
		0DA645F623A8562D00449848 /* MistSDK.framework in Embed Frameworks */ = {isa = PBXBuildFile; fileRef = 0D525EFD23A1BC9B00691CC3 /* MistSDK.framework */; settings = {ATTRIBUTES = (CodeSignOnCopy, RemoveHeadersOnCopy, ); }; };
		0DC07CC2238F06AE00EF42E7 /* mainViewController.swift in Sources */ = {isa = PBXBuildFile; fileRef = 0DC07CBD238EFFD300EF42E7 /* mainViewController.swift */; };
/* End PBXBuildFile section */

/* Begin PBXCopyFilesBuildPhase section */
		0DA645F723A8562D00449848 /* Embed Frameworks */ = {
			isa = PBXCopyFilesBuildPhase;
			buildActionMask = 2147483647;
			dstPath = "";
			dstSubfolderSpec = 10;
			files = (
				0DA645F623A8562D00449848 /* MistSDK.framework in Embed Frameworks */,
			);
			name = "Embed Frameworks";
			runOnlyForDeploymentPostprocessing = 0;
		};
/* End PBXCopyFilesBuildPhase section */

/* Begin PBXFileReference section */
		0D525EFD23A1BC9B00691CC3 /* MistSDK.framework */ = {isa = PBXFileReference; lastKnownFileType = wrapper.framework; path = MistSDK.framework; sourceTree = "<group>"; };
		0D606DC1239994E20060DA70 /* CoreMotion.framework */ = {isa = PBXFileReference; lastKnownFileType = wrapper.framework; name = CoreMotion.framework; path = System/Library/Frameworks/CoreMotion.framework; sourceTree = SDKROOT; };
		0D7B1F9B2388585100BF1872 /* Mist-indoor-dr.app */ = {isa = PBXFileReference; explicitFileType = wrapper.application; includeInIndex = 0; path = "Mist-indoor-dr.app"; sourceTree = BUILT_PRODUCTS_DIR; };
		0D7B1F9E2388585100BF1872 /* AppDelegate.swift */ = {isa = PBXFileReference; lastKnownFileType = sourcecode.swift; path = AppDelegate.swift; sourceTree = "<group>"; };
		0D7B1FA22388585100BF1872 /* ViewController.swift */ = {isa = PBXFileReference; lastKnownFileType = sourcecode.swift; path = ViewController.swift; sourceTree = "<group>"; };
		0D7B1FA52388585100BF1872 /* Base */ = {isa = PBXFileReference; lastKnownFileType = file.storyboard; name = Base; path = Base.lproj/Main.storyboard; sourceTree = "<group>"; };
		0D7B1FA72388585400BF1872 /* Assets.xcassets */ = {isa = PBXFileReference; lastKnownFileType = folder.assetcatalog; path = Assets.xcassets; sourceTree = "<group>"; };
		0D7B1FAA2388585400BF1872 /* Base */ = {isa = PBXFileReference; lastKnownFileType = file.storyboard; name = Base; path = Base.lproj/LaunchScreen.storyboard; sourceTree = "<group>"; };
		0D7B1FAC2388585400BF1872 /* Info.plist */ = {isa = PBXFileReference; lastKnownFileType = text.plist.xml; path = Info.plist; sourceTree = "<group>"; };
		0DC07CBD238EFFD300EF42E7 /* mainViewController.swift */ = {isa = PBXFileReference; lastKnownFileType = sourcecode.swift; path = mainViewController.swift; sourceTree = "<group>"; };
		0DC0CC882395D1D5001B836B /* libz.tbd */ = {isa = PBXFileReference; lastKnownFileType = "sourcecode.text-based-dylib-definition"; name = libz.tbd; path = usr/lib/libz.tbd; sourceTree = SDKROOT; };
/* End PBXFileReference section */

/* Begin PBXFrameworksBuildPhase section */
		0D7B1F982388585100BF1872 /* Frameworks */ = {
			isa = PBXFrameworksBuildPhase;
			buildActionMask = 2147483647;
			files = (
				0DA645F523A8562D00449848 /* MistSDK.framework in Frameworks */,
			);
			runOnlyForDeploymentPostprocessing = 0;
		};
/* End PBXFrameworksBuildPhase section */

/* Begin PBXGroup section */
		0D039223238F37C3003FC75A /* Frameworks */ = {
			isa = PBXGroup;
			children = (
				0D606DC1239994E20060DA70 /* CoreMotion.framework */,
				0DC0CC882395D1D5001B836B /* libz.tbd */,
			);
			name = Frameworks;
			sourceTree = "<group>";
		};
		0D7B1F922388585100BF1872 = {
			isa = PBXGroup;
			children = (
				0D525EFD23A1BC9B00691CC3 /* MistSDK.framework */,
				0D7B1F9D2388585100BF1872 /* MistSDK_demo_dr */,
				0D7B1F9C2388585100BF1872 /* Products */,
				0D039223238F37C3003FC75A /* Frameworks */,
			);
			sourceTree = "<group>";
		};
		0D7B1F9C2388585100BF1872 /* Products */ = {
			isa = PBXGroup;
			children = (
				0D7B1F9B2388585100BF1872 /* Mist-indoor-dr.app */,
			);
			name = Products;
			sourceTree = "<group>";
		};
		0D7B1F9D2388585100BF1872 /* MistSDK_demo_dr */ = {
			isa = PBXGroup;
			children = (
				0D7B1F9E2388585100BF1872 /* AppDelegate.swift */,
				0DC07CBD238EFFD300EF42E7 /* mainViewController.swift */,
				0D7B1FA22388585100BF1872 /* ViewController.swift */,
				0D7B1FA42388585100BF1872 /* Main.storyboard */,
				0D7B1FA72388585400BF1872 /* Assets.xcassets */,
				0D7B1FA92388585400BF1872 /* LaunchScreen.storyboard */,
				0D7B1FAC2388585400BF1872 /* Info.plist */,
			);
			path = MistSDK_demo_dr;
			sourceTree = "<group>";
		};
/* End PBXGroup section */

/* Begin PBXNativeTarget section */
		0D7B1F9A2388585100BF1872 /* MistSDK_demo_dr */ = {
			isa = PBXNativeTarget;
			buildConfigurationList = 0D7B1FAF2388585400BF1872 /* Build configuration list for PBXNativeTarget "MistSDK_demo_dr" */;
			buildPhases = (
				0D7B1F972388585100BF1872 /* Sources */,
				0D7B1F982388585100BF1872 /* Frameworks */,
				0D7B1F992388585100BF1872 /* Resources */,
				0DA645F723A8562D00449848 /* Embed Frameworks */,
			);
			buildRules = (
			);
			dependencies = (
			);
			name = MistSDK_demo_dr;
			productName = MistSDK_demo_dr;
			productReference = 0D7B1F9B2388585100BF1872 /* Mist-indoor-dr.app */;
			productType = "com.apple.product-type.application";
		};
/* End PBXNativeTarget section */

/* Begin PBXProject section */
		0D7B1F932388585100BF1872 /* Project object */ = {
			isa = PBXProject;
			attributes = {
				LastSwiftUpdateCheck = 1120;
				LastUpgradeCheck = 1120;
				ORGANIZATIONNAME = "Pooja Gulabchand Mishra";
				TargetAttributes = {
					0D7B1F9A2388585100BF1872 = {
						CreatedOnToolsVersion = 11.2.1;
					};
				};
			};
			buildConfigurationList = 0D7B1F962388585100BF1872 /* Build configuration list for PBXProject "MistSDK_demo_dr" */;
			compatibilityVersion = "Xcode 9.3";
			developmentRegion = en;
			hasScannedForEncodings = 0;
			knownRegions = (
				en,
				Base,
			);
			mainGroup = 0D7B1F922388585100BF1872;
			productRefGroup = 0D7B1F9C2388585100BF1872 /* Products */;
			projectDirPath = "";
			projectRoot = "";
			targets = (
				0D7B1F9A2388585100BF1872 /* MistSDK_demo_dr */,
			);
		};
/* End PBXProject section */

/* Begin PBXResourcesBuildPhase section */
		0D7B1F992388585100BF1872 /* Resources */ = {
			isa = PBXResourcesBuildPhase;
			buildActionMask = 2147483647;
			files = (
				0D7B1FAB2388585400BF1872 /* LaunchScreen.storyboard in Resources */,
				0D7B1FA82388585400BF1872 /* Assets.xcassets in Resources */,
				0D7B1FA62388585100BF1872 /* Main.storyboard in Resources */,
			);
			runOnlyForDeploymentPostprocessing = 0;
		};
/* End PBXResourcesBuildPhase section */

/* Begin PBXSourcesBuildPhase section */
		0D7B1F972388585100BF1872 /* Sources */ = {
			isa = PBXSourcesBuildPhase;
			buildActionMask = 2147483647;
			files = (
				0D7B1FA32388585100BF1872 /* ViewController.swift in Sources */,
				0D7B1F9F2388585100BF1872 /* AppDelegate.swift in Sources */,
				0DC07CC2238F06AE00EF42E7 /* mainViewController.swift in Sources */,
			);
			runOnlyForDeploymentPostprocessing = 0;
		};
/* End PBXSourcesBuildPhase section */

/* Begin PBXVariantGroup section */
		0D7B1FA42388585100BF1872 /* Main.storyboard */ = {
			isa = PBXVariantGroup;
			children = (
				0D7B1FA52388585100BF1872 /* Base */,
			);
			name = Main.storyboard;
			sourceTree = "<group>";
		};
		0D7B1FA92388585400BF1872 /* LaunchScreen.storyboard */ = {
			isa = PBXVariantGroup;
			children = (
				0D7B1FAA2388585400BF1872 /* Base */,
			);
			name = LaunchScreen.storyboard;
			sourceTree = "<group>";
		};
/* End PBXVariantGroup section */

/* Begin XCBuildConfiguration section */
		0D7B1FAD2388585400BF1872 /* Debug */ = {
			isa = XCBuildConfiguration;
			buildSettings = {
				ALWAYS_SEARCH_USER_PATHS = NO;
				CLANG_ANALYZER_NONNULL = YES;
				CLANG_ANALYZER_NUMBER_OBJECT_CONVERSION = YES_AGGRESSIVE;
				CLANG_CXX_LANGUAGE_STANDARD = "gnu++14";
				CLANG_CXX_LIBRARY = "libc++";
				CLANG_ENABLE_MODULES = YES;
				CLANG_ENABLE_OBJC_ARC = YES;
				CLANG_ENABLE_OBJC_WEAK = YES;
				CLANG_WARN_BLOCK_CAPTURE_AUTORELEASING = YES;
				CLANG_WARN_BOOL_CONVERSION = YES;
				CLANG_WARN_COMMA = YES;
				CLANG_WARN_CONSTANT_CONVERSION = YES;
				CLANG_WARN_DEPRECATED_OBJC_IMPLEMENTATIONS = YES;
				CLANG_WARN_DIRECT_OBJC_ISA_USAGE = YES_ERROR;
				CLANG_WARN_DOCUMENTATION_COMMENTS = YES;
				CLANG_WARN_EMPTY_BODY = YES;
				CLANG_WARN_ENUM_CONVERSION = YES;
				CLANG_WARN_INFINITE_RECURSION = YES;
				CLANG_WARN_INT_CONVERSION = YES;
				CLANG_WARN_NON_LITERAL_NULL_CONVERSION = YES;
				CLANG_WARN_OBJC_IMPLICIT_RETAIN_SELF = YES;
				CLANG_WARN_OBJC_LITERAL_CONVERSION = YES;
				CLANG_WARN_OBJC_ROOT_CLASS = YES_ERROR;
				CLANG_WARN_RANGE_LOOP_ANALYSIS = YES;
				CLANG_WARN_STRICT_PROTOTYPES = YES;
				CLANG_WARN_SUSPICIOUS_MOVE = YES;
				CLANG_WARN_UNGUARDED_AVAILABILITY = YES_AGGRESSIVE;
				CLANG_WARN_UNREACHABLE_CODE = YES;
				CLANG_WARN__DUPLICATE_METHOD_MATCH = YES;
				CODE_SIGN_IDENTITY = "iPhone Developer: Cuong Ta (WZ7N2686DF)";
				CODE_SIGN_STYLE = Manual;
				COPY_PHASE_STRIP = NO;
				DEBUG_INFORMATION_FORMAT = dwarf;
				ENABLE_STRICT_OBJC_MSGSEND = YES;
				ENABLE_TESTABILITY = YES;
				GCC_C_LANGUAGE_STANDARD = gnu11;
				GCC_DYNAMIC_NO_PIC = NO;
				GCC_NO_COMMON_BLOCKS = YES;
				GCC_OPTIMIZATION_LEVEL = 0;
				GCC_PREPROCESSOR_DEFINITIONS = (
					"DEBUG=1",
					"$(inherited)",
				);
				GCC_WARN_64_TO_32_BIT_CONVERSION = YES;
				GCC_WARN_ABOUT_RETURN_TYPE = YES_ERROR;
				GCC_WARN_UNDECLARED_SELECTOR = YES;
				GCC_WARN_UNINITIALIZED_AUTOS = YES_AGGRESSIVE;
				GCC_WARN_UNUSED_FUNCTION = YES;
				GCC_WARN_UNUSED_VARIABLE = YES;
				IPHONEOS_DEPLOYMENT_TARGET = 11.0;
				LIBRARY_SEARCH_PATHS = "";
				MTL_ENABLE_DEBUG_INFO = INCLUDE_SOURCE;
				MTL_FAST_MATH = YES;
				ONLY_ACTIVE_ARCH = NO;
				SDKROOT = iphoneos;
				SWIFT_ACTIVE_COMPILATION_CONDITIONS = DEBUG;
				SWIFT_OPTIMIZATION_LEVEL = "-Onone";
			};
			name = Debug;
		};
		0D7B1FAE2388585400BF1872 /* Release */ = {
			isa = XCBuildConfiguration;
			buildSettings = {
				ALWAYS_SEARCH_USER_PATHS = NO;
				CLANG_ANALYZER_NONNULL = YES;
				CLANG_ANALYZER_NUMBER_OBJECT_CONVERSION = YES_AGGRESSIVE;
				CLANG_CXX_LANGUAGE_STANDARD = "gnu++14";
				CLANG_CXX_LIBRARY = "libc++";
				CLANG_ENABLE_MODULES = YES;
				CLANG_ENABLE_OBJC_ARC = YES;
				CLANG_ENABLE_OBJC_WEAK = YES;
				CLANG_WARN_BLOCK_CAPTURE_AUTORELEASING = YES;
				CLANG_WARN_BOOL_CONVERSION = YES;
				CLANG_WARN_COMMA = YES;
				CLANG_WARN_CONSTANT_CONVERSION = YES;
				CLANG_WARN_DEPRECATED_OBJC_IMPLEMENTATIONS = YES;
				CLANG_WARN_DIRECT_OBJC_ISA_USAGE = YES_ERROR;
				CLANG_WARN_DOCUMENTATION_COMMENTS = YES;
				CLANG_WARN_EMPTY_BODY = YES;
				CLANG_WARN_ENUM_CONVERSION = YES;
				CLANG_WARN_INFINITE_RECURSION = YES;
				CLANG_WARN_INT_CONVERSION = YES;
				CLANG_WARN_NON_LITERAL_NULL_CONVERSION = YES;
				CLANG_WARN_OBJC_IMPLICIT_RETAIN_SELF = YES;
				CLANG_WARN_OBJC_LITERAL_CONVERSION = YES;
				CLANG_WARN_OBJC_ROOT_CLASS = YES_ERROR;
				CLANG_WARN_RANGE_LOOP_ANALYSIS = YES;
				CLANG_WARN_STRICT_PROTOTYPES = YES;
				CLANG_WARN_SUSPICIOUS_MOVE = YES;
				CLANG_WARN_UNGUARDED_AVAILABILITY = YES_AGGRESSIVE;
				CLANG_WARN_UNREACHABLE_CODE = YES;
				CLANG_WARN__DUPLICATE_METHOD_MATCH = YES;
				CODE_SIGN_IDENTITY = "iPhone Developer: Cuong Ta (WZ7N2686DF)";
				CODE_SIGN_STYLE = Manual;
				COPY_PHASE_STRIP = NO;
				DEBUG_INFORMATION_FORMAT = "dwarf-with-dsym";
				ENABLE_NS_ASSERTIONS = NO;
				ENABLE_STRICT_OBJC_MSGSEND = YES;
				GCC_C_LANGUAGE_STANDARD = gnu11;
				GCC_NO_COMMON_BLOCKS = YES;
				GCC_WARN_64_TO_32_BIT_CONVERSION = YES;
				GCC_WARN_ABOUT_RETURN_TYPE = YES_ERROR;
				GCC_WARN_UNDECLARED_SELECTOR = YES;
				GCC_WARN_UNINITIALIZED_AUTOS = YES_AGGRESSIVE;
				GCC_WARN_UNUSED_FUNCTION = YES;
				GCC_WARN_UNUSED_VARIABLE = YES;
				IPHONEOS_DEPLOYMENT_TARGET = 11.0;
				LIBRARY_SEARCH_PATHS = "";
				MTL_ENABLE_DEBUG_INFO = NO;
				MTL_FAST_MATH = YES;
				ONLY_ACTIVE_ARCH = NO;
				SDKROOT = iphoneos;
				SWIFT_COMPILATION_MODE = wholemodule;
				SWIFT_OPTIMIZATION_LEVEL = "-O";
				VALIDATE_PRODUCT = YES;
			};
			name = Release;
		};
		0D7B1FB02388585400BF1872 /* Debug */ = {
			isa = XCBuildConfiguration;
			buildSettings = {
				ASSETCATALOG_COMPILER_APPICON_NAME = AppIcon;
				CODE_SIGN_ENTITLEMENTS = MistSDK_demo_dr/MistSDK_demo_dr.entitlements;
				CODE_SIGN_STYLE = Manual;
				DEVELOPMENT_ASSET_PATHS = "";
				DEVELOPMENT_TEAM = S6W43QBW7N;
				ENABLE_BITCODE = NO;
				FRAMEWORK_SEARCH_PATHS = (
					"$(inherited)",
					"$(PROJECT_DIR)/MistSDK_demo_dr",
					"$(PROJECT_DIR)",
				);
				INFOPLIST_FILE = MistSDK_demo_dr/Info.plist;
				LD_RUNPATH_SEARCH_PATHS = (
					"$(inherited)",
					"@executable_path/Frameworks",
				);
				ONLY_ACTIVE_ARCH = NO;
				PRODUCT_BUNDLE_IDENTIFIER = "com.mist.MistSDK-demo-dr";
				PRODUCT_NAME = "Mist-indoor-dr";
				PROVISIONING_PROFILE_SPECIFIER = "sample-apps";
				SWIFT_VERSION = 5.0;
				TARGETED_DEVICE_FAMILY = "1,2";
				VALID_ARCHS = "arm64 arm64e armv7 armv7s x86_64";
			};
			name = Debug;
		};
		0D7B1FB12388585400BF1872 /* Release */ = {
			isa = XCBuildConfiguration;
			buildSettings = {
				ASSETCATALOG_COMPILER_APPICON_NAME = AppIcon;
				CODE_SIGN_ENTITLEMENTS = MistSDK_demo_dr/MistSDK_demo_drRelease.entitlements;
				CODE_SIGN_STYLE = Manual;
				DEVELOPMENT_ASSET_PATHS = "";
				DEVELOPMENT_TEAM = S6W43QBW7N;
				ENABLE_BITCODE = NO;
				FRAMEWORK_SEARCH_PATHS = (
					"$(inherited)",
					"$(PROJECT_DIR)/MistSDK_demo_dr",
					"$(PROJECT_DIR)",
				);
				INFOPLIST_FILE = MistSDK_demo_dr/Info.plist;
				LD_RUNPATH_SEARCH_PATHS = (
					"$(inherited)",
					"@executable_path/Frameworks",
				);
				ONLY_ACTIVE_ARCH = NO;
				PRODUCT_BUNDLE_IDENTIFIER = "com.mist.MistSDK-demo-dr";
				PRODUCT_NAME = "Mist-indoor-dr";
				PROVISIONING_PROFILE_SPECIFIER = "sample-apps";
				SWIFT_VERSION = 5.0;
				TARGETED_DEVICE_FAMILY = "1,2";
				VALID_ARCHS = "arm64 arm64e armv7 armv7s x86_64";
			};
			name = Release;
		};
/* End XCBuildConfiguration section */

/* Begin XCConfigurationList section */
		0D7B1F962388585100BF1872 /* Build configuration list for PBXProject "MistSDK_demo_dr" */ = {
			isa = XCConfigurationList;
			buildConfigurations = (
				0D7B1FAD2388585400BF1872 /* Debug */,
				0D7B1FAE2388585400BF1872 /* Release */,
			);
			defaultConfigurationIsVisible = 0;
			defaultConfigurationName = Release;
		};
		0D7B1FAF2388585400BF1872 /* Build configuration list for PBXNativeTarget "MistSDK_demo_dr" */ = {
			isa = XCConfigurationList;
			buildConfigurations = (
				0D7B1FB02388585400BF1872 /* Debug */,
				0D7B1FB12388585400BF1872 /* Release */,
			);
			defaultConfigurationIsVisible = 0;
			defaultConfigurationName = Release;
		};
/* End XCConfigurationList section */
	};
	rootObject = 0D7B1F932388585100BF1872 /* Project object */;
}
