// !$*UTF8*$!
{
	archiveVersion = 1;
	classes = {
	};
	objectVersion = 56;
	objects = {

/* Begin PBXBuildFile section */
		2473548829ACC967009D16A5 /* Constants.swift in Sources */ = {isa = PBXBuildFile; fileRef = 2473548729ACC967009D16A5 /* Constants.swift */; };
		2473548A29ACC97F009D16A5 /* MistService.swift in Sources */ = {isa = PBXBuildFile; fileRef = 2473548929ACC97F009D16A5 /* MistService.swift */; };
		2473548C29ACC9A4009D16A5 /* WakeUpService.swift in Sources */ = {isa = PBXBuildFile; fileRef = 2473548B29ACC9A4009D16A5 /* WakeUpService.swift */; };
		2473548E29ACC9BC009D16A5 /* ViewModel.swift in Sources */ = {isa = PBXBuildFile; fileRef = 2473548D29ACC9BC009D16A5 /* ViewModel.swift */; };
		2473549029AE0613009D16A5 /* Notification.swift in Sources */ = {isa = PBXBuildFile; fileRef = 2473548F29AE0613009D16A5 /* Notification.swift */; };
		2473549429AF4871009D16A5 /* BeaconRegion.swift in Sources */ = {isa = PBXBuildFile; fileRef = 2473549329AF4871009D16A5 /* BeaconRegion.swift */; };
		2473549629AF4B00009D16A5 /* String.swift in Sources */ = {isa = PBXBuildFile; fileRef = 2473549529AF4B00009D16A5 /* String.swift */; };
		24C018772983E7190073A891 /* AppDelegate.swift in Sources */ = {isa = PBXBuildFile; fileRef = 24C018762983E7190073A891 /* AppDelegate.swift */; };
		24C018792983E7190073A891 /* SceneDelegate.swift in Sources */ = {isa = PBXBuildFile; fileRef = 24C018782983E7190073A891 /* SceneDelegate.swift */; };
		24C0187B2983E7190073A891 /* ViewController.swift in Sources */ = {isa = PBXBuildFile; fileRef = 24C0187A2983E7190073A891 /* ViewController.swift */; };
		24C0187E2983E7190073A891 /* Main.storyboard in Resources */ = {isa = PBXBuildFile; fileRef = 24C0187C2983E7190073A891 /* Main.storyboard */; };
		24C018802983E71A0073A891 /* Assets.xcassets in Resources */ = {isa = PBXBuildFile; fileRef = 24C0187F2983E71A0073A891 /* Assets.xcassets */; };
		24C018832983E71A0073A891 /* LaunchScreen.storyboard in Resources */ = {isa = PBXBuildFile; fileRef = 24C018812983E71A0073A891 /* LaunchScreen.storyboard */; };
		EF272841F5ACC47AEAE65D0A /* Pods_SampleAppWakeUp.framework in Frameworks */ = {isa = PBXBuildFile; fileRef = CE6911742ACC28940324BDE0 /* Pods_SampleAppWakeUp.framework */; };
/* End PBXBuildFile section */

/* Begin PBXFileReference section */
		2473548729ACC967009D16A5 /* Constants.swift */ = {isa = PBXFileReference; lastKnownFileType = sourcecode.swift; path = Constants.swift; sourceTree = "<group>"; };
		2473548929ACC97F009D16A5 /* MistService.swift */ = {isa = PBXFileReference; lastKnownFileType = sourcecode.swift; path = MistService.swift; sourceTree = "<group>"; };
		2473548B29ACC9A4009D16A5 /* WakeUpService.swift */ = {isa = PBXFileReference; lastKnownFileType = sourcecode.swift; path = WakeUpService.swift; sourceTree = "<group>"; };
		2473548D29ACC9BC009D16A5 /* ViewModel.swift */ = {isa = PBXFileReference; lastKnownFileType = sourcecode.swift; path = ViewModel.swift; sourceTree = "<group>"; };
		2473548F29AE0613009D16A5 /* Notification.swift */ = {isa = PBXFileReference; lastKnownFileType = sourcecode.swift; path = Notification.swift; sourceTree = "<group>"; };
		2473549329AF4871009D16A5 /* BeaconRegion.swift */ = {isa = PBXFileReference; lastKnownFileType = sourcecode.swift; path = BeaconRegion.swift; sourceTree = "<group>"; };
		2473549529AF4B00009D16A5 /* String.swift */ = {isa = PBXFileReference; lastKnownFileType = sourcecode.swift; path = String.swift; sourceTree = "<group>"; };
		24C018732983E7190073A891 /* SampleAppWakeUp.app */ = {isa = PBXFileReference; explicitFileType = wrapper.application; includeInIndex = 0; path = SampleAppWakeUp.app; sourceTree = BUILT_PRODUCTS_DIR; };
		24C018762983E7190073A891 /* AppDelegate.swift */ = {isa = PBXFileReference; lastKnownFileType = sourcecode.swift; path = AppDelegate.swift; sourceTree = "<group>"; };
		24C018782983E7190073A891 /* SceneDelegate.swift */ = {isa = PBXFileReference; lastKnownFileType = sourcecode.swift; path = SceneDelegate.swift; sourceTree = "<group>"; };
		24C0187A2983E7190073A891 /* ViewController.swift */ = {isa = PBXFileReference; lastKnownFileType = sourcecode.swift; path = ViewController.swift; sourceTree = "<group>"; };
		24C0187D2983E7190073A891 /* Base */ = {isa = PBXFileReference; lastKnownFileType = file.storyboard; name = Base; path = Base.lproj/Main.storyboard; sourceTree = "<group>"; };
		24C0187F2983E71A0073A891 /* Assets.xcassets */ = {isa = PBXFileReference; lastKnownFileType = folder.assetcatalog; path = Assets.xcassets; sourceTree = "<group>"; };
		24C018822983E71A0073A891 /* Base */ = {isa = PBXFileReference; lastKnownFileType = file.storyboard; name = Base; path = Base.lproj/LaunchScreen.storyboard; sourceTree = "<group>"; };
		24C018842983E71A0073A891 /* Info.plist */ = {isa = PBXFileReference; lastKnownFileType = text.plist.xml; path = Info.plist; sourceTree = "<group>"; };
		4FDB5622FBC9384EA8A69E25 /* Pods-SampleAppWakeUp.release.xcconfig */ = {isa = PBXFileReference; includeInIndex = 1; lastKnownFileType = text.xcconfig; name = "Pods-SampleAppWakeUp.release.xcconfig"; path = "Target Support Files/Pods-SampleAppWakeUp/Pods-SampleAppWakeUp.release.xcconfig"; sourceTree = "<group>"; };
		CE6911742ACC28940324BDE0 /* Pods_SampleAppWakeUp.framework */ = {isa = PBXFileReference; explicitFileType = wrapper.framework; includeInIndex = 0; path = Pods_SampleAppWakeUp.framework; sourceTree = BUILT_PRODUCTS_DIR; };
		ED16AB5046A85DB34AFEE73D /* Pods-SampleAppWakeUp.debug.xcconfig */ = {isa = PBXFileReference; includeInIndex = 1; lastKnownFileType = text.xcconfig; name = "Pods-SampleAppWakeUp.debug.xcconfig"; path = "Target Support Files/Pods-SampleAppWakeUp/Pods-SampleAppWakeUp.debug.xcconfig"; sourceTree = "<group>"; };
/* End PBXFileReference section */

/* Begin PBXFrameworksBuildPhase section */
		24C018702983E7190073A891 /* Frameworks */ = {
			isa = PBXFrameworksBuildPhase;
			buildActionMask = 2147483647;
			files = (
				EF272841F5ACC47AEAE65D0A /* Pods_SampleAppWakeUp.framework in Frameworks */,
			);
			runOnlyForDeploymentPostprocessing = 0;
		};
/* End PBXFrameworksBuildPhase section */

/* Begin PBXGroup section */
		2473548229ACC8E1009D16A5 /* Resources */ = {
			isa = PBXGroup;
			children = (
				24C0187F2983E71A0073A891 /* Assets.xcassets */,
				24C018842983E71A0073A891 /* Info.plist */,
				24C018812983E71A0073A891 /* LaunchScreen.storyboard */,
				24C0187C2983E7190073A891 /* Main.storyboard */,
			);
			name = Resources;
			sourceTree = "<group>";
		};
		2473548329ACC90A009D16A5 /* System */ = {
			isa = PBXGroup;
			children = (
				24C018762983E7190073A891 /* AppDelegate.swift */,
				24C018782983E7190073A891 /* SceneDelegate.swift */,
			);
			name = System;
			sourceTree = "<group>";
		};
		2473548429ACC918009D16A5 /* Services */ = {
			isa = PBXGroup;
			children = (
				2473548929ACC97F009D16A5 /* MistService.swift */,
				2473548B29ACC9A4009D16A5 /* WakeUpService.swift */,
			);
			name = Services;
			sourceTree = "<group>";
		};
		2473548529ACC91F009D16A5 /* Utilities */ = {
			isa = PBXGroup;
			children = (
				2473548729ACC967009D16A5 /* Constants.swift */,
				2473548F29AE0613009D16A5 /* Notification.swift */,
				2473549329AF4871009D16A5 /* BeaconRegion.swift */,
				2473549529AF4B00009D16A5 /* String.swift */,
			);
			name = Utilities;
			sourceTree = "<group>";
		};
		2473548629ACC92A009D16A5 /* UI */ = {
			isa = PBXGroup;
			children = (
				24C0187A2983E7190073A891 /* ViewController.swift */,
				2473548D29ACC9BC009D16A5 /* ViewModel.swift */,
			);
			name = UI;
			sourceTree = "<group>";
		};
		24C0186A2983E7190073A891 = {
			isa = PBXGroup;
			children = (
				24C018752983E7190073A891 /* SampleAppWakeUp */,
				24C018742983E7190073A891 /* Products */,
				97F2852948750DB3D74641BE /* Pods */,
				E94BA4452A250A2851B32BAC /* Frameworks */,
			);
			sourceTree = "<group>";
		};
		24C018742983E7190073A891 /* Products */ = {
			isa = PBXGroup;
			children = (
				24C018732983E7190073A891 /* SampleAppWakeUp.app */,
			);
			name = Products;
			sourceTree = "<group>";
		};
		24C018752983E7190073A891 /* SampleAppWakeUp */ = {
			isa = PBXGroup;
			children = (
				2473548329ACC90A009D16A5 /* System */,
				2473548529ACC91F009D16A5 /* Utilities */,
				2473548429ACC918009D16A5 /* Services */,
				2473548629ACC92A009D16A5 /* UI */,
				2473548229ACC8E1009D16A5 /* Resources */,
			);
			path = SampleAppWakeUp;
			sourceTree = "<group>";
		};
		97F2852948750DB3D74641BE /* Pods */ = {
			isa = PBXGroup;
			children = (
				ED16AB5046A85DB34AFEE73D /* Pods-SampleAppWakeUp.debug.xcconfig */,
				4FDB5622FBC9384EA8A69E25 /* Pods-SampleAppWakeUp.release.xcconfig */,
			);
			path = Pods;
			sourceTree = "<group>";
		};
		E94BA4452A250A2851B32BAC /* Frameworks */ = {
			isa = PBXGroup;
			children = (
				CE6911742ACC28940324BDE0 /* Pods_SampleAppWakeUp.framework */,
			);
			name = Frameworks;
			sourceTree = "<group>";
		};
/* End PBXGroup section */

/* Begin PBXNativeTarget section */
		24C018722983E7190073A891 /* SampleAppWakeUp */ = {
			isa = PBXNativeTarget;
			buildConfigurationList = 24C018872983E71A0073A891 /* Build configuration list for PBXNativeTarget "SampleAppWakeUp" */;
			buildPhases = (
				A7A6EEB7616380CAD02AD324 /* [CP] Check Pods Manifest.lock */,
				24C0186F2983E7190073A891 /* Sources */,
				24C018702983E7190073A891 /* Frameworks */,
				24C018712983E7190073A891 /* Resources */,
				C519A56440FC11C67D2E9808 /* [CP] Embed Pods Frameworks */,
			);
			buildRules = (
			);
			dependencies = (
			);
			name = SampleAppWakeUp;
			productName = SampleAppWakeUp;
			productReference = 24C018732983E7190073A891 /* SampleAppWakeUp.app */;
			productType = "com.apple.product-type.application";
		};
/* End PBXNativeTarget section */

/* Begin PBXProject section */
		24C0186B2983E7190073A891 /* Project object */ = {
			isa = PBXProject;
			attributes = {
				BuildIndependentTargetsInParallel = 1;
				LastSwiftUpdateCheck = 1410;
				LastUpgradeCheck = 1410;
				TargetAttributes = {
					24C018722983E7190073A891 = {
						CreatedOnToolsVersion = 14.1;
					};
				};
			};
			buildConfigurationList = 24C0186E2983E7190073A891 /* Build configuration list for PBXProject "SampleAppWakeUp" */;
			compatibilityVersion = "Xcode 14.0";
			developmentRegion = en;
			hasScannedForEncodings = 0;
			knownRegions = (
				en,
				Base,
			);
			mainGroup = 24C0186A2983E7190073A891;
			productRefGroup = 24C018742983E7190073A891 /* Products */;
			projectDirPath = "";
			projectRoot = "";
			targets = (
				24C018722983E7190073A891 /* SampleAppWakeUp */,
			);
		};
/* End PBXProject section */

/* Begin PBXResourcesBuildPhase section */
		24C018712983E7190073A891 /* Resources */ = {
			isa = PBXResourcesBuildPhase;
			buildActionMask = 2147483647;
			files = (
				24C018832983E71A0073A891 /* LaunchScreen.storyboard in Resources */,
				24C018802983E71A0073A891 /* Assets.xcassets in Resources */,
				24C0187E2983E7190073A891 /* Main.storyboard in Resources */,
			);
			runOnlyForDeploymentPostprocessing = 0;
		};
/* End PBXResourcesBuildPhase section */

/* Begin PBXShellScriptBuildPhase section */
		A7A6EEB7616380CAD02AD324 /* [CP] Check Pods Manifest.lock */ = {
			isa = PBXShellScriptBuildPhase;
			buildActionMask = 2147483647;
			files = (
			);
			inputFileListPaths = (
			);
			inputPaths = (
				"${PODS_PODFILE_DIR_PATH}/Podfile.lock",
				"${PODS_ROOT}/Manifest.lock",
			);
			name = "[CP] Check Pods Manifest.lock";
			outputFileListPaths = (
			);
			outputPaths = (
				"$(DERIVED_FILE_DIR)/Pods-SampleAppWakeUp-checkManifestLockResult.txt",
			);
			runOnlyForDeploymentPostprocessing = 0;
			shellPath = /bin/sh;
			shellScript = "diff \"${PODS_PODFILE_DIR_PATH}/Podfile.lock\" \"${PODS_ROOT}/Manifest.lock\" > /dev/null\nif [ $? != 0 ] ; then\n    # print error to STDERR\n    echo \"error: The sandbox is not in sync with the Podfile.lock. Run 'pod install' or update your CocoaPods installation.\" >&2\n    exit 1\nfi\n# This output is used by Xcode 'outputs' to avoid re-running this script phase.\necho \"SUCCESS\" > \"${SCRIPT_OUTPUT_FILE_0}\"\n";
			showEnvVarsInLog = 0;
		};
		C519A56440FC11C67D2E9808 /* [CP] Embed Pods Frameworks */ = {
			isa = PBXShellScriptBuildPhase;
			buildActionMask = 2147483647;
			files = (
			);
			inputFileListPaths = (
				"${PODS_ROOT}/Target Support Files/Pods-SampleAppWakeUp/Pods-SampleAppWakeUp-frameworks-${CONFIGURATION}-input-files.xcfilelist",
			);
			name = "[CP] Embed Pods Frameworks";
			outputFileListPaths = (
				"${PODS_ROOT}/Target Support Files/Pods-SampleAppWakeUp/Pods-SampleAppWakeUp-frameworks-${CONFIGURATION}-output-files.xcfilelist",
			);
			runOnlyForDeploymentPostprocessing = 0;
			shellPath = /bin/sh;
			shellScript = "\"${PODS_ROOT}/Target Support Files/Pods-SampleAppWakeUp/Pods-SampleAppWakeUp-frameworks.sh\"\n";
			showEnvVarsInLog = 0;
		};
/* End PBXShellScriptBuildPhase section */

/* Begin PBXSourcesBuildPhase section */
		24C0186F2983E7190073A891 /* Sources */ = {
			isa = PBXSourcesBuildPhase;
			buildActionMask = 2147483647;
			files = (
				2473549629AF4B00009D16A5 /* String.swift in Sources */,
				2473549429AF4871009D16A5 /* BeaconRegion.swift in Sources */,
				24C0187B2983E7190073A891 /* ViewController.swift in Sources */,
				24C018772983E7190073A891 /* AppDelegate.swift in Sources */,
				24C018792983E7190073A891 /* SceneDelegate.swift in Sources */,
				2473548829ACC967009D16A5 /* Constants.swift in Sources */,
				2473549029AE0613009D16A5 /* Notification.swift in Sources */,
				2473548C29ACC9A4009D16A5 /* WakeUpService.swift in Sources */,
				2473548A29ACC97F009D16A5 /* MistService.swift in Sources */,
				2473548E29ACC9BC009D16A5 /* ViewModel.swift in Sources */,
			);
			runOnlyForDeploymentPostprocessing = 0;
		};
/* End PBXSourcesBuildPhase section */

/* Begin PBXVariantGroup section */
		24C0187C2983E7190073A891 /* Main.storyboard */ = {
			isa = PBXVariantGroup;
			children = (
				24C0187D2983E7190073A891 /* Base */,
			);
			name = Main.storyboard;
			sourceTree = "<group>";
		};
		24C018812983E71A0073A891 /* LaunchScreen.storyboard */ = {
			isa = PBXVariantGroup;
			children = (
				24C018822983E71A0073A891 /* Base */,
			);
			name = LaunchScreen.storyboard;
			sourceTree = "<group>";
		};
/* End PBXVariantGroup section */

/* Begin XCBuildConfiguration section */
		24C018852983E71A0073A891 /* Debug */ = {
			isa = XCBuildConfiguration;
			buildSettings = {
				ALWAYS_SEARCH_USER_PATHS = NO;
				CLANG_ANALYZER_NONNULL = YES;
				CLANG_ANALYZER_NUMBER_OBJECT_CONVERSION = YES_AGGRESSIVE;
				CLANG_CXX_LANGUAGE_STANDARD = "gnu++20";
				CLANG_ENABLE_MODULES = YES;
				CLANG_ENABLE_OBJC_ARC = YES;
				CLANG_ENABLE_OBJC_WEAK = YES;
				CLANG_WARN_BLOCK_CAPTURE_AUTORELEASING = YES;
				CLANG_WARN_BOOL_CONVERSION = YES;
				CLANG_WARN_COMMA = YES;
				CLANG_WARN_CONSTANT_CONVERSION = YES;
				CLANG_WARN_DEPRECATED_OBJC_IMPLEMENTATIONS = YES;
				CLANG_WARN_DIRECT_OBJC_ISA_USAGE = YES_ERROR;
				CLANG_WARN_DOCUMENTATION_COMMENTS = YES;
				CLANG_WARN_EMPTY_BODY = YES;
				CLANG_WARN_ENUM_CONVERSION = YES;
				CLANG_WARN_INFINITE_RECURSION = YES;
				CLANG_WARN_INT_CONVERSION = YES;
				CLANG_WARN_NON_LITERAL_NULL_CONVERSION = YES;
				CLANG_WARN_OBJC_IMPLICIT_RETAIN_SELF = YES;
				CLANG_WARN_OBJC_LITERAL_CONVERSION = YES;
				CLANG_WARN_OBJC_ROOT_CLASS = YES_ERROR;
				CLANG_WARN_QUOTED_INCLUDE_IN_FRAMEWORK_HEADER = YES;
				CLANG_WARN_RANGE_LOOP_ANALYSIS = YES;
				CLANG_WARN_STRICT_PROTOTYPES = YES;
				CLANG_WARN_SUSPICIOUS_MOVE = YES;
				CLANG_WARN_UNGUARDED_AVAILABILITY = YES_AGGRESSIVE;
				CLANG_WARN_UNREACHABLE_CODE = YES;
				CLANG_WARN__DUPLICATE_METHOD_MATCH = YES;
				COPY_PHASE_STRIP = NO;
				DEBUG_INFORMATION_FORMAT = dwarf;
				ENABLE_STRICT_OBJC_MSGSEND = YES;
				ENABLE_TESTABILITY = YES;
				GCC_C_LANGUAGE_STANDARD = gnu11;
				GCC_DYNAMIC_NO_PIC = NO;
				GCC_NO_COMMON_BLOCKS = YES;
				GCC_OPTIMIZATION_LEVEL = 0;
				GCC_PREPROCESSOR_DEFINITIONS = (
					"DEBUG=1",
					"$(inherited)",
				);
				GCC_WARN_64_TO_32_BIT_CONVERSION = YES;
				GCC_WARN_ABOUT_RETURN_TYPE = YES_ERROR;
				GCC_WARN_UNDECLARED_SELECTOR = YES;
				GCC_WARN_UNINITIALIZED_AUTOS = YES_AGGRESSIVE;
				GCC_WARN_UNUSED_FUNCTION = YES;
				GCC_WARN_UNUSED_VARIABLE = YES;
				IPHONEOS_DEPLOYMENT_TARGET = 16.1;
				MTL_ENABLE_DEBUG_INFO = INCLUDE_SOURCE;
				MTL_FAST_MATH = YES;
				ONLY_ACTIVE_ARCH = YES;
				SDKROOT = iphoneos;
				SWIFT_ACTIVE_COMPILATION_CONDITIONS = DEBUG;
				SWIFT_OPTIMIZATION_LEVEL = "-Onone";
			};
			name = Debug;
		};
		24C018862983E71A0073A891 /* Release */ = {
			isa = XCBuildConfiguration;
			buildSettings = {
				ALWAYS_SEARCH_USER_PATHS = NO;
				CLANG_ANALYZER_NONNULL = YES;
				CLANG_ANALYZER_NUMBER_OBJECT_CONVERSION = YES_AGGRESSIVE;
				CLANG_CXX_LANGUAGE_STANDARD = "gnu++20";
				CLANG_ENABLE_MODULES = YES;
				CLANG_ENABLE_OBJC_ARC = YES;
				CLANG_ENABLE_OBJC_WEAK = YES;
				CLANG_WARN_BLOCK_CAPTURE_AUTORELEASING = YES;
				CLANG_WARN_BOOL_CONVERSION = YES;
				CLANG_WARN_COMMA = YES;
				CLANG_WARN_CONSTANT_CONVERSION = YES;
				CLANG_WARN_DEPRECATED_OBJC_IMPLEMENTATIONS = YES;
				CLANG_WARN_DIRECT_OBJC_ISA_USAGE = YES_ERROR;
				CLANG_WARN_DOCUMENTATION_COMMENTS = YES;
				CLANG_WARN_EMPTY_BODY = YES;
				CLANG_WARN_ENUM_CONVERSION = YES;
				CLANG_WARN_INFINITE_RECURSION = YES;
				CLANG_WARN_INT_CONVERSION = YES;
				CLANG_WARN_NON_LITERAL_NULL_CONVERSION = YES;
				CLANG_WARN_OBJC_IMPLICIT_RETAIN_SELF = YES;
				CLANG_WARN_OBJC_LITERAL_CONVERSION = YES;
				CLANG_WARN_OBJC_ROOT_CLASS = YES_ERROR;
				CLANG_WARN_QUOTED_INCLUDE_IN_FRAMEWORK_HEADER = YES;
				CLANG_WARN_RANGE_LOOP_ANALYSIS = YES;
				CLANG_WARN_STRICT_PROTOTYPES = YES;
				CLANG_WARN_SUSPICIOUS_MOVE = YES;
				CLANG_WARN_UNGUARDED_AVAILABILITY = YES_AGGRESSIVE;
				CLANG_WARN_UNREACHABLE_CODE = YES;
				CLANG_WARN__DUPLICATE_METHOD_MATCH = YES;
				COPY_PHASE_STRIP = NO;
				DEBUG_INFORMATION_FORMAT = "dwarf-with-dsym";
				ENABLE_NS_ASSERTIONS = NO;
				ENABLE_STRICT_OBJC_MSGSEND = YES;
				GCC_C_LANGUAGE_STANDARD = gnu11;
				GCC_NO_COMMON_BLOCKS = YES;
				GCC_WARN_64_TO_32_BIT_CONVERSION = YES;
				GCC_WARN_ABOUT_RETURN_TYPE = YES_ERROR;
				GCC_WARN_UNDECLARED_SELECTOR = YES;
				GCC_WARN_UNINITIALIZED_AUTOS = YES_AGGRESSIVE;
				GCC_WARN_UNUSED_FUNCTION = YES;
				GCC_WARN_UNUSED_VARIABLE = YES;
				IPHONEOS_DEPLOYMENT_TARGET = 16.1;
				MTL_ENABLE_DEBUG_INFO = NO;
				MTL_FAST_MATH = YES;
				SDKROOT = iphoneos;
				SWIFT_COMPILATION_MODE = wholemodule;
				SWIFT_OPTIMIZATION_LEVEL = "-O";
				VALIDATE_PRODUCT = YES;
			};
			name = Release;
		};
		24C018882983E71A0073A891 /* Debug */ = {
			isa = XCBuildConfiguration;
			baseConfigurationReference = ED16AB5046A85DB34AFEE73D /* Pods-SampleAppWakeUp.debug.xcconfig */;
			buildSettings = {
				ASSETCATALOG_COMPILER_APPICON_NAME = AppIcon;
				ASSETCATALOG_COMPILER_GLOBAL_ACCENT_COLOR_NAME = AccentColor;
				CODE_SIGN_STYLE = Automatic;
				CURRENT_PROJECT_VERSION = 1;
				DEVELOPMENT_TEAM = S6W43QBW7N;
				GENERATE_INFOPLIST_FILE = YES;
				INFOPLIST_FILE = SampleAppWakeUp/Info.plist;
				INFOPLIST_KEY_NSBluetoothAlwaysUsageDescription = "Bluetooth access required to scan near by Mist AP beacon";
				INFOPLIST_KEY_NSLocationAlwaysAndWhenInUseUsageDescription = "In order to receive indoor location from the background as well as using the app we need to access your location";
				INFOPLIST_KEY_NSLocationAlwaysUsageDescription = "In order to receive indoor location from the background as well as using the app we need to access your location";
				INFOPLIST_KEY_NSLocationWhenInUseUsageDescription = "In order to receive indoor location from the background as well as using the app we need to access your location";
				INFOPLIST_KEY_UIApplicationSupportsIndirectInputEvents = YES;
				INFOPLIST_KEY_UILaunchStoryboardName = LaunchScreen;
				INFOPLIST_KEY_UIMainStoryboardFile = Main;
				INFOPLIST_KEY_UISupportedInterfaceOrientations_iPad = "UIInterfaceOrientationPortrait UIInterfaceOrientationPortraitUpsideDown UIInterfaceOrientationLandscapeLeft UIInterfaceOrientationLandscapeRight";
				INFOPLIST_KEY_UISupportedInterfaceOrientations_iPhone = "UIInterfaceOrientationPortrait UIInterfaceOrientationLandscapeLeft UIInterfaceOrientationLandscapeRight";
				IPHONEOS_DEPLOYMENT_TARGET = 14.0;
				LD_RUNPATH_SEARCH_PATHS = (
					"$(inherited)",
					"@executable_path/Frameworks",
				);
				MARKETING_VERSION = 1.0;
				PRODUCT_BUNDLE_IDENTIFIER = com.mist.SampleAppWakeUp;
				PRODUCT_NAME = "$(TARGET_NAME)";
				SWIFT_EMIT_LOC_STRINGS = YES;
				SWIFT_VERSION = 5.0;
				TARGETED_DEVICE_FAMILY = "1,2";
			};
			name = Debug;
		};
		24C018892983E71A0073A891 /* Release */ = {
			isa = XCBuildConfiguration;
			baseConfigurationReference = 4FDB5622FBC9384EA8A69E25 /* Pods-SampleAppWakeUp.release.xcconfig */;
			buildSettings = {
				ASSETCATALOG_COMPILER_APPICON_NAME = AppIcon;
				ASSETCATALOG_COMPILER_GLOBAL_ACCENT_COLOR_NAME = AccentColor;
				CODE_SIGN_STYLE = Automatic;
				CURRENT_PROJECT_VERSION = 1;
				DEVELOPMENT_TEAM = S6W43QBW7N;
				GENERATE_INFOPLIST_FILE = YES;
				INFOPLIST_FILE = SampleAppWakeUp/Info.plist;
				INFOPLIST_KEY_NSBluetoothAlwaysUsageDescription = "Bluetooth access required to scan near by Mist AP beacon";
				INFOPLIST_KEY_NSLocationAlwaysAndWhenInUseUsageDescription = "In order to receive indoor location from the background as well as using the app we need to access your location";
				INFOPLIST_KEY_NSLocationAlwaysUsageDescription = "In order to receive indoor location from the background as well as using the app we need to access your location";
				INFOPLIST_KEY_NSLocationWhenInUseUsageDescription = "In order to receive indoor location from the background as well as using the app we need to access your location";
				INFOPLIST_KEY_UIApplicationSupportsIndirectInputEvents = YES;
				INFOPLIST_KEY_UILaunchStoryboardName = LaunchScreen;
				INFOPLIST_KEY_UIMainStoryboardFile = Main;
				INFOPLIST_KEY_UISupportedInterfaceOrientations_iPad = "UIInterfaceOrientationPortrait UIInterfaceOrientationPortraitUpsideDown UIInterfaceOrientationLandscapeLeft UIInterfaceOrientationLandscapeRight";
				INFOPLIST_KEY_UISupportedInterfaceOrientations_iPhone = "UIInterfaceOrientationPortrait UIInterfaceOrientationLandscapeLeft UIInterfaceOrientationLandscapeRight";
				IPHONEOS_DEPLOYMENT_TARGET = 14.0;
				LD_RUNPATH_SEARCH_PATHS = (
					"$(inherited)",
					"@executable_path/Frameworks",
				);
				MARKETING_VERSION = 1.0;
				PRODUCT_BUNDLE_IDENTIFIER = com.mist.SampleAppWakeUp;
				PRODUCT_NAME = "$(TARGET_NAME)";
				SWIFT_EMIT_LOC_STRINGS = YES;
				SWIFT_VERSION = 5.0;
				TARGETED_DEVICE_FAMILY = "1,2";
			};
			name = Release;
		};
/* End XCBuildConfiguration section */

/* Begin XCConfigurationList section */
		24C0186E2983E7190073A891 /* Build configuration list for PBXProject "SampleAppWakeUp" */ = {
			isa = XCConfigurationList;
			buildConfigurations = (
				24C018852983E71A0073A891 /* Debug */,
				24C018862983E71A0073A891 /* Release */,
			);
			defaultConfigurationIsVisible = 0;
			defaultConfigurationName = Release;
		};
		24C018872983E71A0073A891 /* Build configuration list for PBXNativeTarget "SampleAppWakeUp" */ = {
			isa = XCConfigurationList;
			buildConfigurations = (
				24C018882983E71A0073A891 /* Debug */,
				24C018892983E71A0073A891 /* Release */,
			);
			defaultConfigurationIsVisible = 0;
			defaultConfigurationName = Release;
		};
/* End XCConfigurationList section */
	};
	rootObject = 24C0186B2983E7190073A891 /* Project object */;
}
