{
  "originHash" : "77ada0925ed8d01db62a63dbdbfc863188a4da865c70d59caff91811d850b6ce",
  "pins" : [
    {
      "identity" : "mist-vble-ios-sdk",
      "kind" : "remoteSourceControl",
      "location" : "https://github.com/mistsys/mist-vble-ios-sdk.git",
      "state" : {
        "revision" : "3bb7cb5e6bab7066270ffbbbee18aa5d1c283947",
        "version" : "4.0.0"
      }
    }
  ],
  "version" : 3
}
