// !$*UTF8*$!
{
	archiveVersion = 1;
	classes = {
	};
	objectVersion = 56;
	objects = {

/* Begin PBXBuildFile section */
		59326DFA2AF942E1001AB605 /* AppDelegate.m in Sources */ = {isa = PBXBuildFile; fileRef = 59326DF92AF942E1001AB605 /* AppDelegate.m */; };
		59326DFD2AF942E1001AB605 /* SceneDelegate.m in Sources */ = {isa = PBXBuildFile; fileRef = 59326DFC2AF942E1001AB605 /* SceneDelegate.m */; };
		59326E002AF942E1001AB605 /* ViewController.m in Sources */ = {isa = PBXBuildFile; fileRef = 59326DFF2AF942E1001AB605 /* ViewController.m */; };
		59326E032AF942E1001AB605 /* Main.storyboard in Resources */ = {isa = PBXBuildFile; fileRef = 59326E012AF942E1001AB605 /* Main.storyboard */; };
		59326E052AF942E7001AB605 /* Assets.xcassets in Resources */ = {isa = PBXBuildFile; fileRef = 59326E042AF942E7001AB605 /* Assets.xcassets */; };
		59326E082AF942E7001AB605 /* LaunchScreen.storyboard in Resources */ = {isa = PBXBuildFile; fileRef = 59326E062AF942E7001AB605 /* LaunchScreen.storyboard */; };
		59326E0B2AF942E7001AB605 /* main.m in Sources */ = {isa = PBXBuildFile; fileRef = 59326E0A2AF942E7001AB605 /* main.m */; };
		A46872342B19665B00AA1EA7 /* Constants.m in Sources */ = {isa = PBXBuildFile; fileRef = A46872332B19665B00AA1EA7 /* Constants.m */; };
		A4740E2F2B20743600C60B3A /* MistSDK in Frameworks */ = {isa = PBXBuildFile; productRef = A4740E2E2B20743600C60B3A /* MistSDK */; };
/* End PBXBuildFile section */

/* Begin PBXFileReference section */
		59326DF52AF942E1001AB605 /* SampleIndoorLocationReporting.app */ = {isa = PBXFileReference; explicitFileType = wrapper.application; includeInIndex = 0; path = SampleIndoorLocationReporting.app; sourceTree = BUILT_PRODUCTS_DIR; };
		59326DF82AF942E1001AB605 /* AppDelegate.h */ = {isa = PBXFileReference; lastKnownFileType = sourcecode.c.h; path = AppDelegate.h; sourceTree = "<group>"; };
		59326DF92AF942E1001AB605 /* AppDelegate.m */ = {isa = PBXFileReference; lastKnownFileType = sourcecode.c.objc; path = AppDelegate.m; sourceTree = "<group>"; };
		59326DFB2AF942E1001AB605 /* SceneDelegate.h */ = {isa = PBXFileReference; lastKnownFileType = sourcecode.c.h; path = SceneDelegate.h; sourceTree = "<group>"; };
		59326DFC2AF942E1001AB605 /* SceneDelegate.m */ = {isa = PBXFileReference; lastKnownFileType = sourcecode.c.objc; path = SceneDelegate.m; sourceTree = "<group>"; };
		59326DFE2AF942E1001AB605 /* ViewController.h */ = {isa = PBXFileReference; lastKnownFileType = sourcecode.c.h; path = ViewController.h; sourceTree = "<group>"; };
		59326DFF2AF942E1001AB605 /* ViewController.m */ = {isa = PBXFileReference; lastKnownFileType = sourcecode.c.objc; path = ViewController.m; sourceTree = "<group>"; };
		59326E022AF942E1001AB605 /* Base */ = {isa = PBXFileReference; lastKnownFileType = file.storyboard; name = Base; path = Base.lproj/Main.storyboard; sourceTree = "<group>"; };
		59326E042AF942E7001AB605 /* Assets.xcassets */ = {isa = PBXFileReference; lastKnownFileType = folder.assetcatalog; path = Assets.xcassets; sourceTree = "<group>"; };
		59326E072AF942E7001AB605 /* Base */ = {isa = PBXFileReference; lastKnownFileType = file.storyboard; name = Base; path = Base.lproj/LaunchScreen.storyboard; sourceTree = "<group>"; };
		59326E092AF942E7001AB605 /* Info.plist */ = {isa = PBXFileReference; lastKnownFileType = text.plist.xml; path = Info.plist; sourceTree = "<group>"; };
		59326E0A2AF942E7001AB605 /* main.m */ = {isa = PBXFileReference; lastKnownFileType = sourcecode.c.objc; path = main.m; sourceTree = "<group>"; };
		A468722C2B19604200AA1EA7 /* Constants.h */ = {isa = PBXFileReference; lastKnownFileType = sourcecode.c.h; path = Constants.h; sourceTree = "<group>"; };
		A46872332B19665B00AA1EA7 /* Constants.m */ = {isa = PBXFileReference; lastKnownFileType = sourcecode.c.objc; path = Constants.m; sourceTree = "<group>"; };
/* End PBXFileReference section */

/* Begin PBXFrameworksBuildPhase section */
		59326DF22AF942E1001AB605 /* Frameworks */ = {
			isa = PBXFrameworksBuildPhase;
			buildActionMask = 2147483647;
			files = (
				A4740E2F2B20743600C60B3A /* MistSDK in Frameworks */,
			);
			runOnlyForDeploymentPostprocessing = 0;
		};
/* End PBXFrameworksBuildPhase section */

/* Begin PBXGroup section */
		59326DEC2AF942E1001AB605 = {
			isa = PBXGroup;
			children = (
				59326DF72AF942E1001AB605 /* SampleIndoorLocationReporting */,
				59326DF62AF942E1001AB605 /* Products */,
			);
			sourceTree = "<group>";
		};
		59326DF62AF942E1001AB605 /* Products */ = {
			isa = PBXGroup;
			children = (
				59326DF52AF942E1001AB605 /* SampleIndoorLocationReporting.app */,
			);
			name = Products;
			sourceTree = "<group>";
		};
		59326DF72AF942E1001AB605 /* SampleIndoorLocationReporting */ = {
			isa = PBXGroup;
			children = (
				A41A51852B1812FF00E2ED42 /* System */,
				A468722B2B19600B00AA1EA7 /* Utilities */,
				A41A51862B18139400E2ED42 /* UI */,
				A41A51872B1813A700E2ED42 /* Resources */,
				59326E0A2AF942E7001AB605 /* main.m */,
			);
			path = SampleIndoorLocationReporting;
			sourceTree = "<group>";
		};
		A41A51852B1812FF00E2ED42 /* System */ = {
			isa = PBXGroup;
			children = (
				59326DF82AF942E1001AB605 /* AppDelegate.h */,
				59326DF92AF942E1001AB605 /* AppDelegate.m */,
				59326DFB2AF942E1001AB605 /* SceneDelegate.h */,
				59326DFC2AF942E1001AB605 /* SceneDelegate.m */,
			);
			path = System;
			sourceTree = "<group>";
		};
		A41A51862B18139400E2ED42 /* UI */ = {
			isa = PBXGroup;
			children = (
				59326DFE2AF942E1001AB605 /* ViewController.h */,
				59326DFF2AF942E1001AB605 /* ViewController.m */,
			);
			path = UI;
			sourceTree = "<group>";
		};
		A41A51872B1813A700E2ED42 /* Resources */ = {
			isa = PBXGroup;
			children = (
				59326E012AF942E1001AB605 /* Main.storyboard */,
				59326E092AF942E7001AB605 /* Info.plist */,
				59326E062AF942E7001AB605 /* LaunchScreen.storyboard */,
				59326E042AF942E7001AB605 /* Assets.xcassets */,
			);
			path = Resources;
			sourceTree = "<group>";
		};
		A468722B2B19600B00AA1EA7 /* Utilities */ = {
			isa = PBXGroup;
			children = (
				A468722C2B19604200AA1EA7 /* Constants.h */,
				A46872332B19665B00AA1EA7 /* Constants.m */,
			);
			path = Utilities;
			sourceTree = "<group>";
		};
/* End PBXGroup section */

/* Begin PBXNativeTarget section */
		59326DF42AF942E1001AB605 /* SampleIndoorLocationReporting */ = {
			isa = PBXNativeTarget;
			buildConfigurationList = 59326E242AF942E8001AB605 /* Build configuration list for PBXNativeTarget "SampleIndoorLocationReporting" */;
			buildPhases = (
				59326DF12AF942E1001AB605 /* Sources */,
				59326DF22AF942E1001AB605 /* Frameworks */,
				59326DF32AF942E1001AB605 /* Resources */,
			);
			buildRules = (
			);
			dependencies = (
			);
			name = SampleIndoorLocationReporting;
			packageProductDependencies = (
				A4740E2E2B20743600C60B3A /* MistSDK */,
			);
			productName = SampleIndoorLocationReporting;
			productReference = 59326DF52AF942E1001AB605 /* SampleIndoorLocationReporting.app */;
			productType = "com.apple.product-type.application";
		};
/* End PBXNativeTarget section */

/* Begin PBXProject section */
		59326DED2AF942E1001AB605 /* Project object */ = {
			isa = PBXProject;
			attributes = {
				BuildIndependentTargetsInParallel = 1;
				LastUpgradeCheck = 1500;
				TargetAttributes = {
					59326DF42AF942E1001AB605 = {
						CreatedOnToolsVersion = 15.0;
					};
				};
			};
			buildConfigurationList = 59326DF02AF942E1001AB605 /* Build configuration list for PBXProject "SampleIndoorLocationReporting" */;
			compatibilityVersion = "Xcode 14.0";
			developmentRegion = en;
			hasScannedForEncodings = 0;
			knownRegions = (
				en,
				Base,
			);
			mainGroup = 59326DEC2AF942E1001AB605;
			packageReferences = (
				A4740E2D2B20743600C60B3A /* XCRemoteSwiftPackageReference "mist-vble-ios-sdk" */,
			);
			productRefGroup = 59326DF62AF942E1001AB605 /* Products */;
			projectDirPath = "";
			projectRoot = "";
			targets = (
				59326DF42AF942E1001AB605 /* SampleIndoorLocationReporting */,
			);
		};
/* End PBXProject section */

/* Begin PBXResourcesBuildPhase section */
		59326DF32AF942E1001AB605 /* Resources */ = {
			isa = PBXResourcesBuildPhase;
			buildActionMask = 2147483647;
			files = (
				59326E082AF942E7001AB605 /* LaunchScreen.storyboard in Resources */,
				59326E052AF942E7001AB605 /* Assets.xcassets in Resources */,
				59326E032AF942E1001AB605 /* Main.storyboard in Resources */,
			);
			runOnlyForDeploymentPostprocessing = 0;
		};
/* End PBXResourcesBuildPhase section */

/* Begin PBXSourcesBuildPhase section */
		59326DF12AF942E1001AB605 /* Sources */ = {
			isa = PBXSourcesBuildPhase;
			buildActionMask = 2147483647;
			files = (
				A46872342B19665B00AA1EA7 /* Constants.m in Sources */,
				59326E002AF942E1001AB605 /* ViewController.m in Sources */,
				59326DFA2AF942E1001AB605 /* AppDelegate.m in Sources */,
				59326E0B2AF942E7001AB605 /* main.m in Sources */,
				59326DFD2AF942E1001AB605 /* SceneDelegate.m in Sources */,
			);
			runOnlyForDeploymentPostprocessing = 0;
		};
/* End PBXSourcesBuildPhase section */

/* Begin PBXVariantGroup section */
		59326E012AF942E1001AB605 /* Main.storyboard */ = {
			isa = PBXVariantGroup;
			children = (
				59326E022AF942E1001AB605 /* Base */,
			);
			name = Main.storyboard;
			sourceTree = "<group>";
		};
		59326E062AF942E7001AB605 /* LaunchScreen.storyboard */ = {
			isa = PBXVariantGroup;
			children = (
				59326E072AF942E7001AB605 /* Base */,
			);
			name = LaunchScreen.storyboard;
			sourceTree = "<group>";
		};
/* End PBXVariantGroup section */

/* Begin XCBuildConfiguration section */
		59326E222AF942E8001AB605 /* Debug */ = {
			isa = XCBuildConfiguration;
			buildSettings = {
				ALWAYS_SEARCH_USER_PATHS = NO;
				ASSETCATALOG_COMPILER_GENERATE_SWIFT_ASSET_SYMBOL_EXTENSIONS = YES;
				CLANG_ANALYZER_NONNULL = YES;
				CLANG_ANALYZER_NUMBER_OBJECT_CONVERSION = YES_AGGRESSIVE;
				CLANG_CXX_LANGUAGE_STANDARD = "gnu++20";
				CLANG_ENABLE_MODULES = YES;
				CLANG_ENABLE_OBJC_ARC = YES;
				CLANG_ENABLE_OBJC_WEAK = YES;
				CLANG_WARN_BLOCK_CAPTURE_AUTORELEASING = YES;
				CLANG_WARN_BOOL_CONVERSION = YES;
				CLANG_WARN_COMMA = YES;
				CLANG_WARN_CONSTANT_CONVERSION = YES;
				CLANG_WARN_DEPRECATED_OBJC_IMPLEMENTATIONS = YES;
				CLANG_WARN_DIRECT_OBJC_ISA_USAGE = YES_ERROR;
				CLANG_WARN_DOCUMENTATION_COMMENTS = YES;
				CLANG_WARN_EMPTY_BODY = YES;
				CLANG_WARN_ENUM_CONVERSION = YES;
				CLANG_WARN_INFINITE_RECURSION = YES;
				CLANG_WARN_INT_CONVERSION = YES;
				CLANG_WARN_NON_LITERAL_NULL_CONVERSION = YES;
				CLANG_WARN_OBJC_IMPLICIT_RETAIN_SELF = YES;
				CLANG_WARN_OBJC_LITERAL_CONVERSION = YES;
				CLANG_WARN_OBJC_ROOT_CLASS = YES_ERROR;
				CLANG_WARN_QUOTED_INCLUDE_IN_FRAMEWORK_HEADER = YES;
				CLANG_WARN_RANGE_LOOP_ANALYSIS = YES;
				CLANG_WARN_STRICT_PROTOTYPES = YES;
				CLANG_WARN_SUSPICIOUS_MOVE = YES;
				CLANG_WARN_UNGUARDED_AVAILABILITY = YES_AGGRESSIVE;
				CLANG_WARN_UNREACHABLE_CODE = YES;
				CLANG_WARN__DUPLICATE_METHOD_MATCH = YES;
				COPY_PHASE_STRIP = NO;
				DEBUG_INFORMATION_FORMAT = dwarf;
				ENABLE_STRICT_OBJC_MSGSEND = YES;
				ENABLE_TESTABILITY = YES;
				ENABLE_USER_SCRIPT_SANDBOXING = YES;
				GCC_C_LANGUAGE_STANDARD = gnu17;
				GCC_DYNAMIC_NO_PIC = NO;
				GCC_NO_COMMON_BLOCKS = YES;
				GCC_OPTIMIZATION_LEVEL = 0;
				GCC_PREPROCESSOR_DEFINITIONS = (
					"DEBUG=1",
					"$(inherited)",
				);
				GCC_WARN_64_TO_32_BIT_CONVERSION = YES;
				GCC_WARN_ABOUT_RETURN_TYPE = YES_ERROR;
				GCC_WARN_UNDECLARED_SELECTOR = YES;
				GCC_WARN_UNINITIALIZED_AUTOS = YES_AGGRESSIVE;
				GCC_WARN_UNUSED_FUNCTION = YES;
				GCC_WARN_UNUSED_VARIABLE = YES;
				IPHONEOS_DEPLOYMENT_TARGET = 17.0;
				LOCALIZATION_PREFERS_STRING_CATALOGS = YES;
				MTL_ENABLE_DEBUG_INFO = INCLUDE_SOURCE;
				MTL_FAST_MATH = YES;
				ONLY_ACTIVE_ARCH = YES;
				SDKROOT = iphoneos;
			};
			name = Debug;
		};
		59326E232AF942E8001AB605 /* Release */ = {
			isa = XCBuildConfiguration;
			buildSettings = {
				ALWAYS_SEARCH_USER_PATHS = NO;
				ASSETCATALOG_COMPILER_GENERATE_SWIFT_ASSET_SYMBOL_EXTENSIONS = YES;
				CLANG_ANALYZER_NONNULL = YES;
				CLANG_ANALYZER_NUMBER_OBJECT_CONVERSION = YES_AGGRESSIVE;
				CLANG_CXX_LANGUAGE_STANDARD = "gnu++20";
				CLANG_ENABLE_MODULES = YES;
				CLANG_ENABLE_OBJC_ARC = YES;
				CLANG_ENABLE_OBJC_WEAK = YES;
				CLANG_WARN_BLOCK_CAPTURE_AUTORELEASING = YES;
				CLANG_WARN_BOOL_CONVERSION = YES;
				CLANG_WARN_COMMA = YES;
				CLANG_WARN_CONSTANT_CONVERSION = YES;
				CLANG_WARN_DEPRECATED_OBJC_IMPLEMENTATIONS = YES;
				CLANG_WARN_DIRECT_OBJC_ISA_USAGE = YES_ERROR;
				CLANG_WARN_DOCUMENTATION_COMMENTS = YES;
				CLANG_WARN_EMPTY_BODY = YES;
				CLANG_WARN_ENUM_CONVERSION = YES;
				CLANG_WARN_INFINITE_RECURSION = YES;
				CLANG_WARN_INT_CONVERSION = YES;
				CLANG_WARN_NON_LITERAL_NULL_CONVERSION = YES;
				CLANG_WARN_OBJC_IMPLICIT_RETAIN_SELF = YES;
				CLANG_WARN_OBJC_LITERAL_CONVERSION = YES;
				CLANG_WARN_OBJC_ROOT_CLASS = YES_ERROR;
				CLANG_WARN_QUOTED_INCLUDE_IN_FRAMEWORK_HEADER = YES;
				CLANG_WARN_RANGE_LOOP_ANALYSIS = YES;
				CLANG_WARN_STRICT_PROTOTYPES = YES;
				CLANG_WARN_SUSPICIOUS_MOVE = YES;
				CLANG_WARN_UNGUARDED_AVAILABILITY = YES_AGGRESSIVE;
				CLANG_WARN_UNREACHABLE_CODE = YES;
				CLANG_WARN__DUPLICATE_METHOD_MATCH = YES;
				COPY_PHASE_STRIP = NO;
				DEBUG_INFORMATION_FORMAT = "dwarf-with-dsym";
				ENABLE_NS_ASSERTIONS = NO;
				ENABLE_STRICT_OBJC_MSGSEND = YES;
				ENABLE_USER_SCRIPT_SANDBOXING = YES;
				GCC_C_LANGUAGE_STANDARD = gnu17;
				GCC_NO_COMMON_BLOCKS = YES;
				GCC_WARN_64_TO_32_BIT_CONVERSION = YES;
				GCC_WARN_ABOUT_RETURN_TYPE = YES_ERROR;
				GCC_WARN_UNDECLARED_SELECTOR = YES;
				GCC_WARN_UNINITIALIZED_AUTOS = YES_AGGRESSIVE;
				GCC_WARN_UNUSED_FUNCTION = YES;
				GCC_WARN_UNUSED_VARIABLE = YES;
				IPHONEOS_DEPLOYMENT_TARGET = 17.0;
				LOCALIZATION_PREFERS_STRING_CATALOGS = YES;
				MTL_ENABLE_DEBUG_INFO = NO;
				MTL_FAST_MATH = YES;
				SDKROOT = iphoneos;
				VALIDATE_PRODUCT = YES;
			};
			name = Release;
		};
		59326E252AF942E8001AB605 /* Debug */ = {
			isa = XCBuildConfiguration;
			buildSettings = {
				ASSETCATALOG_COMPILER_APPICON_NAME = AppIcon;
				ASSETCATALOG_COMPILER_GLOBAL_ACCENT_COLOR_NAME = AccentColor;
				CODE_SIGN_STYLE = Automatic;
				CURRENT_PROJECT_VERSION = 1;
				DEVELOPMENT_TEAM = S6W43QBW7N;
				ENABLE_USER_SCRIPT_SANDBOXING = NO;
				GENERATE_INFOPLIST_FILE = YES;
				INFOPLIST_FILE = SampleIndoorLocationReporting/Resources/Info.plist;
				INFOPLIST_KEY_UIApplicationSupportsIndirectInputEvents = YES;
				INFOPLIST_KEY_UILaunchStoryboardName = LaunchScreen;
				INFOPLIST_KEY_UIMainStoryboardFile = Main;
				INFOPLIST_KEY_UISupportedInterfaceOrientations_iPad = "UIInterfaceOrientationPortrait UIInterfaceOrientationPortraitUpsideDown UIInterfaceOrientationLandscapeLeft UIInterfaceOrientationLandscapeRight";
				INFOPLIST_KEY_UISupportedInterfaceOrientations_iPhone = "UIInterfaceOrientationPortrait UIInterfaceOrientationLandscapeLeft UIInterfaceOrientationLandscapeRight";
				IPHONEOS_DEPLOYMENT_TARGET = 14.0;
				LD_RUNPATH_SEARCH_PATHS = (
					"$(inherited)",
					"@executable_path/Frameworks",
				);
				MARKETING_VERSION = 1.0;
				PRODUCT_BUNDLE_IDENTIFIER = com.mist.bluedot.SampleIndoorLocationReporting;
				PRODUCT_NAME = "$(TARGET_NAME)";
				SCAN_ALL_SOURCE_FILES_FOR_INCLUDES = NO;
				SWIFT_EMIT_LOC_STRINGS = YES;
				TARGETED_DEVICE_FAMILY = "1,2";
			};
			name = Debug;
		};
		59326E262AF942E8001AB605 /* Release */ = {
			isa = XCBuildConfiguration;
			buildSettings = {
				ASSETCATALOG_COMPILER_APPICON_NAME = AppIcon;
				ASSETCATALOG_COMPILER_GLOBAL_ACCENT_COLOR_NAME = AccentColor;
				CODE_SIGN_STYLE = Automatic;
				CURRENT_PROJECT_VERSION = 1;
				DEVELOPMENT_TEAM = S6W43QBW7N;
				ENABLE_USER_SCRIPT_SANDBOXING = NO;
				GENERATE_INFOPLIST_FILE = YES;
				INFOPLIST_FILE = SampleIndoorLocationReporting/Resources/Info.plist;
				INFOPLIST_KEY_UIApplicationSupportsIndirectInputEvents = YES;
				INFOPLIST_KEY_UILaunchStoryboardName = LaunchScreen;
				INFOPLIST_KEY_UIMainStoryboardFile = Main;
				INFOPLIST_KEY_UISupportedInterfaceOrientations_iPad = "UIInterfaceOrientationPortrait UIInterfaceOrientationPortraitUpsideDown UIInterfaceOrientationLandscapeLeft UIInterfaceOrientationLandscapeRight";
				INFOPLIST_KEY_UISupportedInterfaceOrientations_iPhone = "UIInterfaceOrientationPortrait UIInterfaceOrientationLandscapeLeft UIInterfaceOrientationLandscapeRight";
				IPHONEOS_DEPLOYMENT_TARGET = 14.0;
				LD_RUNPATH_SEARCH_PATHS = (
					"$(inherited)",
					"@executable_path/Frameworks",
				);
				MARKETING_VERSION = 1.0;
				PRODUCT_BUNDLE_IDENTIFIER = com.mist.bluedot.SampleIndoorLocationReporting;
				PRODUCT_NAME = "$(TARGET_NAME)";
				SCAN_ALL_SOURCE_FILES_FOR_INCLUDES = NO;
				SWIFT_EMIT_LOC_STRINGS = YES;
				TARGETED_DEVICE_FAMILY = "1,2";
			};
			name = Release;
		};
/* End XCBuildConfiguration section */

/* Begin XCConfigurationList section */
		59326DF02AF942E1001AB605 /* Build configuration list for PBXProject "SampleIndoorLocationReporting" */ = {
			isa = XCConfigurationList;
			buildConfigurations = (
				59326E222AF942E8001AB605 /* Debug */,
				59326E232AF942E8001AB605 /* Release */,
			);
			defaultConfigurationIsVisible = 0;
			defaultConfigurationName = Release;
		};
		59326E242AF942E8001AB605 /* Build configuration list for PBXNativeTarget "SampleIndoorLocationReporting" */ = {
			isa = XCConfigurationList;
			buildConfigurations = (
				59326E252AF942E8001AB605 /* Debug */,
				59326E262AF942E8001AB605 /* Release */,
			);
			defaultConfigurationIsVisible = 0;
			defaultConfigurationName = Release;
		};
/* End XCConfigurationList section */

/* Begin XCRemoteSwiftPackageReference section */
		A4740E2D2B20743600C60B3A /* XCRemoteSwiftPackageReference "mist-vble-ios-sdk" */ = {
			isa = XCRemoteSwiftPackageReference;
			repositoryURL = "https://github.com/mistsys/mist-vble-ios-sdk.git";
			requirement = {
				kind = upToNextMajorVersion;
				minimumVersion = 3.0.0;
			};
		};
/* End XCRemoteSwiftPackageReference section */

/* Begin XCSwiftPackageProductDependency section */
		A4740E2E2B20743600C60B3A /* MistSDK */ = {
			isa = XCSwiftPackageProductDependency;
			package = A4740E2D2B20743600C60B3A /* XCRemoteSwiftPackageReference "mist-vble-ios-sdk" */;
			productName = MistSDK;
		};
/* End XCSwiftPackageProductDependency section */
	};
	rootObject = 59326DED2AF942E1001AB605 /* Project object */;
}
