PODS:
  - Kingfisher (5.3.1)
  - MistSDK (1.4.2)

DEPENDENCIES:
  - Kingfisher
  - MistSDK (= 1.4.2)

SPEC REPOS:
  https://github.com/cocoapods/specs.git:
    - Kingfisher
    - MistSDK

SPEC CHECKSUMS:
  Kingfisher: d9e7e0b209b59b8f9873aa2f37654e81a7beea51
  MistSDK: b49e089eef57e66b61b61ded3c5272f1455fe259

PODFILE CHECKSUM: 8f8343ba0d77c859b33d43c385334564ac66fd7e

COCOAPODS: 1.6.1
